// !$*UTF8*$!
{
	archiveVersion = 1;
	classes = {
	};
	objectVersion = 56;
	objects = {

/* Begin PBXBuildFile section */
		FB2D54F5290A75BB0071162A /* QuizDetailsView.swift in Sources */ = {isa = PBXBuildFile; fileRef = FB2D54F4290A75BB0071162A /* QuizDetailsView.swift */; };
		FB47245428EEB6440027EFC7 /* ConstructViewsProtocol.swift in Sources */ = {isa = PBXBuildFile; fileRef = FB47245328EEB6440027EFC7 /* ConstructViewsProtocol.swift */; };
		FB47245728EEB8000027EFC7 /* AppRouterProtocol.swift in Sources */ = {isa = PBXBuildFile; fileRef = FB47245628EEB8000027EFC7 /* AppRouterProtocol.swift */; };
		FB47245928EEB8540027EFC7 /* AppRouter.swift in Sources */ = {isa = PBXBuildFile; fileRef = FB47245828EEB8540027EFC7 /* AppRouter.swift */; };
		FB47245C28EECFD80027EFC7 /* LoginClient.swift in Sources */ = {isa = PBXBuildFile; fileRef = FB47245B28EECFD80027EFC7 /* LoginClient.swift */; };
		FB47246828EF35B70027EFC7 /* LoginViewModel.swift in Sources */ = {isa = PBXBuildFile; fileRef = FB47246728EF35B70027EFC7 /* LoginViewModel.swift */; };
		FB47246C28F020C50027EFC7 /* LoginUseCase.swift in Sources */ = {isa = PBXBuildFile; fileRef = FB47246B28F020C50027EFC7 /* LoginUseCase.swift */; };
		FB47246E28F034C90027EFC7 /* SecureStorage.swift in Sources */ = {isa = PBXBuildFile; fileRef = FB47246D28F034C90027EFC7 /* SecureStorage.swift */; };
		FB47247128F0350A0027EFC7 /* Keychain in Frameworks */ = {isa = PBXBuildFile; productRef = FB47247028F0350A0027EFC7 /* Keychain */; };
		FB47247528F03BD20027EFC7 /* UserViewController.swift in Sources */ = {isa = PBXBuildFile; fileRef = FB47247428F03BD20027EFC7 /* UserViewController.swift */; };
		FB567F5328EC0EA200842EF0 /* AppDelegate.swift in Sources */ = {isa = PBXBuildFile; fileRef = FB567F5228EC0EA200842EF0 /* AppDelegate.swift */; };
		FB567F5528EC0EA200842EF0 /* SceneDelegate.swift in Sources */ = {isa = PBXBuildFile; fileRef = FB567F5428EC0EA200842EF0 /* SceneDelegate.swift */; };
		FB567F5728EC0EA200842EF0 /* LoginViewController.swift in Sources */ = {isa = PBXBuildFile; fileRef = FB567F5628EC0EA200842EF0 /* LoginViewController.swift */; };
		FB567F5C28EC0EA400842EF0 /* Assets.xcassets in Resources */ = {isa = PBXBuildFile; fileRef = FB567F5B28EC0EA400842EF0 /* Assets.xcassets */; };
		FB567F5F28EC0EA400842EF0 /* LaunchScreen.storyboard in Resources */ = {isa = PBXBuildFile; fileRef = FB567F5D28EC0EA400842EF0 /* LaunchScreen.storyboard */; };
		FB567F6828EC29FA00842EF0 /* .swiftlint.yml in Resources */ = {isa = PBXBuildFile; fileRef = FB567F6728EC29FA00842EF0 /* .swiftlint.yml */; };
		FB5A0786290C063900FDD937 /* Factory in Frameworks */ = {isa = PBXBuildFile; productRef = FB86481E29068A58001AE89B /* Factory */; };
		FB5A0788290C06B000FDD937 /* SectionHeaderReusableView.swift in Sources */ = {isa = PBXBuildFile; fileRef = FB5A0787290C06B000FDD937 /* SectionHeaderReusableView.swift */; };
		FB5A078A290C06FB00FDD937 /* CategorySection.swift in Sources */ = {isa = PBXBuildFile; fileRef = FB5A0789290C06FB00FDD937 /* CategorySection.swift */; };
		FB5A079629125FC400FDD937 /* LeaderboardDataSource.swift in Sources */ = {isa = PBXBuildFile; fileRef = FB5A079529125FC400FDD937 /* LeaderboardDataSource.swift */; };
		FB5A07982912600400FDD937 /* LeaderboardClient.swift in Sources */ = {isa = PBXBuildFile; fileRef = FB5A07972912600400FDD937 /* LeaderboardClient.swift */; };
		FB5A079A2912604400FDD937 /* LeaderboardUseCase.swift in Sources */ = {isa = PBXBuildFile; fileRef = FB5A07992912604400FDD937 /* LeaderboardUseCase.swift */; };
		FB5A079C2912608900FDD937 /* LeaderboardViewModel.swift in Sources */ = {isa = PBXBuildFile; fileRef = FB5A079B2912608900FDD937 /* LeaderboardViewModel.swift */; };
		FB5A079E291260AA00FDD937 /* LeaderboardViewController.swift in Sources */ = {isa = PBXBuildFile; fileRef = FB5A079D291260AA00FDD937 /* LeaderboardViewController.swift */; };
		FB5A07A0291264BD00FDD937 /* LeaderboardResponseModel.swift in Sources */ = {isa = PBXBuildFile; fileRef = FB5A079F291264BD00FDD937 /* LeaderboardResponseModel.swift */; };
		FB5A07A329126EF700FDD937 /* LeaderboardTableViewCell.swift in Sources */ = {isa = PBXBuildFile; fileRef = FB5A07A229126EF700FDD937 /* LeaderboardTableViewCell.swift */; };
		FB5A07A529127E4500FDD937 /* LeaderboardUseCaseModel.swift in Sources */ = {isa = PBXBuildFile; fileRef = FB5A07A429127E4500FDD937 /* LeaderboardUseCaseModel.swift */; };
		FB5A07A729127E7700FDD937 /* LeaderboardDataModel.swift in Sources */ = {isa = PBXBuildFile; fileRef = FB5A07A629127E7700FDD937 /* LeaderboardDataModel.swift */; };
		FB5A07A929127E9C00FDD937 /* LeaderboardModel.swift in Sources */ = {isa = PBXBuildFile; fileRef = FB5A07A829127E9C00FDD937 /* LeaderboardModel.swift */; };
		FB5A07AB29128D5900FDD937 /* QuizResponseModel.swift in Sources */ = {isa = PBXBuildFile; fileRef = FB5A07AA29128D5900FDD937 /* QuizResponseModel.swift */; };
		FB5A07AD29128DA000FDD937 /* QuizDataModel.swift in Sources */ = {isa = PBXBuildFile; fileRef = FB5A07AC29128DA000FDD937 /* QuizDataModel.swift */; };
		FB5A07AF29128DAD00FDD937 /* QuizUseCaseModel.swift in Sources */ = {isa = PBXBuildFile; fileRef = FB5A07AE29128DAD00FDD937 /* QuizUseCaseModel.swift */; };
		FB5A07B12912916800FDD937 /* UserDataModel.swift in Sources */ = {isa = PBXBuildFile; fileRef = FB5A07B02912916800FDD937 /* UserDataModel.swift */; };
		FB5A07B32912918200FDD937 /* UserUseCaseModel.swift in Sources */ = {isa = PBXBuildFile; fileRef = FB5A07B22912918200FDD937 /* UserUseCaseModel.swift */; };
		FB5A07B52912919100FDD937 /* UserModel.swift in Sources */ = {isa = PBXBuildFile; fileRef = FB5A07B42912919100FDD937 /* UserModel.swift */; };
		FB5A07B72912933F00FDD937 /* LoginDataModel.swift in Sources */ = {isa = PBXBuildFile; fileRef = FB5A07B62912933F00FDD937 /* LoginDataModel.swift */; };
		FB5A07B92912A2CB00FDD937 /* LoginUseCaseModel.swift in Sources */ = {isa = PBXBuildFile; fileRef = FB5A07B82912A2CB00FDD937 /* LoginUseCaseModel.swift */; };
		FB5A07BF2913B32700FDD937 /* QuizSessionClient.swift in Sources */ = {isa = PBXBuildFile; fileRef = FB5A07BE2913B32700FDD937 /* QuizSessionClient.swift */; };
		FB5A07C72913B5B100FDD937 /* QuizSessionResponseModel.swift in Sources */ = {isa = PBXBuildFile; fileRef = FB5A07C62913B5B100FDD937 /* QuizSessionResponseModel.swift */; };
		FB5A07C92913B67B00FDD937 /* QuestionResponseModel.swift in Sources */ = {isa = PBXBuildFile; fileRef = FB5A07C82913B67B00FDD937 /* QuestionResponseModel.swift */; };
		FB5A07CB2913B72700FDD937 /* AnswerResponseModel.swift in Sources */ = {isa = PBXBuildFile; fileRef = FB5A07CA2913B72700FDD937 /* AnswerResponseModel.swift */; };
		FB5A07CD2913B7A500FDD937 /* QuizSessionDataSource.swift in Sources */ = {isa = PBXBuildFile; fileRef = FB5A07CC2913B7A500FDD937 /* QuizSessionDataSource.swift */; };
		FB5A07CF2913B88200FDD937 /* QuizSessionDataModel.swift in Sources */ = {isa = PBXBuildFile; fileRef = FB5A07CE2913B88200FDD937 /* QuizSessionDataModel.swift */; };
		FB5A07D42913BA4500FDD937 /* QuestionDataModel.swift in Sources */ = {isa = PBXBuildFile; fileRef = FB5A07D32913BA4500FDD937 /* QuestionDataModel.swift */; };
		FB5A07D62913BB6D00FDD937 /* AnswerDataModel.swift in Sources */ = {isa = PBXBuildFile; fileRef = FB5A07D52913BB6D00FDD937 /* AnswerDataModel.swift */; };
		FB5A07D82913BCEC00FDD937 /* AnswerUseCaseModel.swift in Sources */ = {isa = PBXBuildFile; fileRef = FB5A07D72913BCEC00FDD937 /* AnswerUseCaseModel.swift */; };
		FB5A07DA2913BD3400FDD937 /* AnswerModel.swift in Sources */ = {isa = PBXBuildFile; fileRef = FB5A07D92913BD3400FDD937 /* AnswerModel.swift */; };
		FB5A07DC2913BDB400FDD937 /* QuestionUseCaseModel.swift in Sources */ = {isa = PBXBuildFile; fileRef = FB5A07DB2913BDB400FDD937 /* QuestionUseCaseModel.swift */; };
		FB5A07DE2913BDF300FDD937 /* QuestionModel.swift in Sources */ = {isa = PBXBuildFile; fileRef = FB5A07DD2913BDF300FDD937 /* QuestionModel.swift */; };
		FB5A07E02913BE2500FDD937 /* QuizSessionUseCaseModel.swift in Sources */ = {isa = PBXBuildFile; fileRef = FB5A07DF2913BE2500FDD937 /* QuizSessionUseCaseModel.swift */; };
		FB5A07E22913BE6100FDD937 /* QuizSessionModel.swift in Sources */ = {isa = PBXBuildFile; fileRef = FB5A07E12913BE6100FDD937 /* QuizSessionModel.swift */; };
		FB5A07E42913C17500FDD937 /* QuizSessionUseCase.swift in Sources */ = {isa = PBXBuildFile; fileRef = FB5A07E32913C17500FDD937 /* QuizSessionUseCase.swift */; };
		FB5A07E72913DF9500FDD937 /* SearchViewController.swift in Sources */ = {isa = PBXBuildFile; fileRef = FB5A07E62913DF9500FDD937 /* SearchViewController.swift */; };
		FB5A07EA291517F700FDD937 /* SearchBarView.swift in Sources */ = {isa = PBXBuildFile; fileRef = FB5A07E9291517F700FDD937 /* SearchBarView.swift */; };
		FB5A07FE29153A8E00FDD937 /* DifficultyResponseModel.swift in Sources */ = {isa = PBXBuildFile; fileRef = FB5A07FD29153A8E00FDD937 /* DifficultyResponseModel.swift */; };
		FB5A080029153AA700FDD937 /* DifficultyDataModel.swift in Sources */ = {isa = PBXBuildFile; fileRef = FB5A07FF29153AA700FDD937 /* DifficultyDataModel.swift */; };
		FB5A080229153AB800FDD937 /* DifficultyUseCaseModel.swift in Sources */ = {isa = PBXBuildFile; fileRef = FB5A080129153AB800FDD937 /* DifficultyUseCaseModel.swift */; };
		FB5A080429153AC800FDD937 /* DifficultyModel.swift in Sources */ = {isa = PBXBuildFile; fileRef = FB5A080329153AC800FDD937 /* DifficultyModel.swift */; };
		FB8647C228F807E9001AE89B /* QuizViewModel.swift in Sources */ = {isa = PBXBuildFile; fileRef = FB8647C128F807E9001AE89B /* QuizViewModel.swift */; };
		FB8647CC28F82156001AE89B /* QuizListCollectionViewCell.swift in Sources */ = {isa = PBXBuildFile; fileRef = FB8647CB28F82156001AE89B /* QuizListCollectionViewCell.swift */; };
		FB8647CF28F829EE001AE89B /* Kingfisher in Frameworks */ = {isa = PBXBuildFile; productRef = FB8647CE28F829EE001AE89B /* Kingfisher */; };
		FB8647D128F82C5A001AE89B /* QuizModel.swift in Sources */ = {isa = PBXBuildFile; fileRef = FB8647D028F82C5A001AE89B /* QuizModel.swift */; };
		FB8647D328F98E69001AE89B /* AppDependencies.swift in Sources */ = {isa = PBXBuildFile; fileRef = FB8647D228F98E69001AE89B /* AppDependencies.swift */; };
		FB8647D528FE99D7001AE89B /* QuizUseCase.swift in Sources */ = {isa = PBXBuildFile; fileRef = FB8647D428FE99D7001AE89B /* QuizUseCase.swift */; };
		FB8647D928FE9B02001AE89B /* QuizClient.swift in Sources */ = {isa = PBXBuildFile; fileRef = FB8647D828FE9B02001AE89B /* QuizClient.swift */; };
		FB8647DB29000D01001AE89B /* DifficultyView.swift in Sources */ = {isa = PBXBuildFile; fileRef = FB8647DA29000D01001AE89B /* DifficultyView.swift */; };
		FB8648162906793B001AE89B /* LoginDataSource.swift in Sources */ = {isa = PBXBuildFile; fileRef = FB8648152906793B001AE89B /* LoginDataSource.swift */; };
		FB86481829067974001AE89B /* QuizDataSource.swift in Sources */ = {isa = PBXBuildFile; fileRef = FB86481729067974001AE89B /* QuizDataSource.swift */; };
		FB86481C290679CC001AE89B /* UserDataSource.swift in Sources */ = {isa = PBXBuildFile; fileRef = FB86481B290679CC001AE89B /* UserDataSource.swift */; };
		FB86483E2907C7BB001AE89B /* QuizErrorView.swift in Sources */ = {isa = PBXBuildFile; fileRef = FB86483D2907C7BB001AE89B /* QuizErrorView.swift */; };
		FBA619002941E64E00446905 /* LoginView.swift in Sources */ = {isa = PBXBuildFile; fileRef = FBA618FF2941E64E00446905 /* LoginView.swift */; };
		FBC5AB1328EC3D5800CBC98A /* SnapKit in Frameworks */ = {isa = PBXBuildFile; productRef = FBC5AB1228EC3D5800CBC98A /* SnapKit */; };
		FBC65C2728F5582C0045F87B /* TabBarController.swift in Sources */ = {isa = PBXBuildFile; fileRef = FBC65C2628F5582C0045F87B /* TabBarController.swift */; };
		FBC65C2928F558B00045F87B /* QuizViewController.swift in Sources */ = {isa = PBXBuildFile; fileRef = FBC65C2828F558B00045F87B /* QuizViewController.swift */; };
		FBC65C2D28F55BDF0045F87B /* UserViewModel.swift in Sources */ = {isa = PBXBuildFile; fileRef = FBC65C2C28F55BDF0045F87B /* UserViewModel.swift */; };
		FBC65C2F28F56F360045F87B /* UserUseCase.swift in Sources */ = {isa = PBXBuildFile; fileRef = FBC65C2E28F56F360045F87B /* UserUseCase.swift */; };
		FBC65C3328F6A9540045F87B /* UserClient.swift in Sources */ = {isa = PBXBuildFile; fileRef = FBC65C3228F6A9540045F87B /* UserClient.swift */; };
		FBC65C3828F6D1BE0045F87B /* LoginResponseModel.swift in Sources */ = {isa = PBXBuildFile; fileRef = FBC65C3728F6D1BE0045F87B /* LoginResponseModel.swift */; };
		FBC65C3A28F6D1FA0045F87B /* RequestError.swift in Sources */ = {isa = PBXBuildFile; fileRef = FBC65C3928F6D1FA0045F87B /* RequestError.swift */; };
		FBC65C3C28F6F12A0045F87B /* UserResponseModel.swift in Sources */ = {isa = PBXBuildFile; fileRef = FBC65C3B28F6F12A0045F87B /* UserResponseModel.swift */; };
		FBC65C3E28F6F3130045F87B /* ApiClient.swift in Sources */ = {isa = PBXBuildFile; fileRef = FBC65C3D28F6F3130045F87B /* ApiClient.swift */; };
		FBC8063C290BE382007E717B /* QuizDetailsViewModel.swift in Sources */ = {isa = PBXBuildFile; fileRef = FBC8063B290BE382007E717B /* QuizDetailsViewModel.swift */; };
		FBC8063E290BE962007E717B /* QuizError.swift in Sources */ = {isa = PBXBuildFile; fileRef = FBC8063D290BE962007E717B /* QuizError.swift */; };
		FBCE14FF290A937400C1C646 /* QuizDetailsViewController.swift in Sources */ = {isa = PBXBuildFile; fileRef = FBCE14FE290A937400C1C646 /* QuizDetailsViewController.swift */; };
		FBF155152918F78400E721A6 /* Gesture+Extensions.swift in Sources */ = {isa = PBXBuildFile; fileRef = FBF155142918F78400E721A6 /* Gesture+Extensions.swift */; };
		FBF155172918F8BC00E721A6 /* UIControl+Extensions.swift in Sources */ = {isa = PBXBuildFile; fileRef = FBF155162918F8BC00E721A6 /* UIControl+Extensions.swift */; };
/* End PBXBuildFile section */

/* Begin PBXFileReference section */
		FB2D54F4290A75BB0071162A /* QuizDetailsView.swift */ = {isa = PBXFileReference; lastKnownFileType = sourcecode.swift; path = QuizDetailsView.swift; sourceTree = "<group>"; };
		FB47245328EEB6440027EFC7 /* ConstructViewsProtocol.swift */ = {isa = PBXFileReference; lastKnownFileType = sourcecode.swift; path = ConstructViewsProtocol.swift; sourceTree = "<group>"; };
		FB47245628EEB8000027EFC7 /* AppRouterProtocol.swift */ = {isa = PBXFileReference; lastKnownFileType = sourcecode.swift; path = AppRouterProtocol.swift; sourceTree = "<group>"; };
		FB47245828EEB8540027EFC7 /* AppRouter.swift */ = {isa = PBXFileReference; lastKnownFileType = sourcecode.swift; path = AppRouter.swift; sourceTree = "<group>"; };
		FB47245B28EECFD80027EFC7 /* LoginClient.swift */ = {isa = PBXFileReference; lastKnownFileType = sourcecode.swift; path = LoginClient.swift; sourceTree = "<group>"; };
		FB47246728EF35B70027EFC7 /* LoginViewModel.swift */ = {isa = PBXFileReference; lastKnownFileType = sourcecode.swift; path = LoginViewModel.swift; sourceTree = "<group>"; };
		FB47246B28F020C50027EFC7 /* LoginUseCase.swift */ = {isa = PBXFileReference; lastKnownFileType = sourcecode.swift; path = LoginUseCase.swift; sourceTree = "<group>"; };
		FB47246D28F034C90027EFC7 /* SecureStorage.swift */ = {isa = PBXFileReference; lastKnownFileType = sourcecode.swift; path = SecureStorage.swift; sourceTree = "<group>"; };
		FB47247428F03BD20027EFC7 /* UserViewController.swift */ = {isa = PBXFileReference; lastKnownFileType = sourcecode.swift; path = UserViewController.swift; sourceTree = "<group>"; };
		FB567F4F28EC0EA200842EF0 /* QuizApp.app */ = {isa = PBXFileReference; explicitFileType = wrapper.application; includeInIndex = 0; path = QuizApp.app; sourceTree = BUILT_PRODUCTS_DIR; };
		FB567F5228EC0EA200842EF0 /* AppDelegate.swift */ = {isa = PBXFileReference; lastKnownFileType = sourcecode.swift; path = AppDelegate.swift; sourceTree = "<group>"; };
		FB567F5428EC0EA200842EF0 /* SceneDelegate.swift */ = {isa = PBXFileReference; lastKnownFileType = sourcecode.swift; path = SceneDelegate.swift; sourceTree = "<group>"; };
		FB567F5628EC0EA200842EF0 /* LoginViewController.swift */ = {isa = PBXFileReference; lastKnownFileType = sourcecode.swift; path = LoginViewController.swift; sourceTree = "<group>"; };
		FB567F5B28EC0EA400842EF0 /* Assets.xcassets */ = {isa = PBXFileReference; lastKnownFileType = folder.assetcatalog; path = Assets.xcassets; sourceTree = "<group>"; };
		FB567F5E28EC0EA400842EF0 /* Base */ = {isa = PBXFileReference; lastKnownFileType = file.storyboard; name = Base; path = Base.lproj/LaunchScreen.storyboard; sourceTree = "<group>"; };
		FB567F6028EC0EA400842EF0 /* Info.plist */ = {isa = PBXFileReference; lastKnownFileType = text.plist.xml; path = Info.plist; sourceTree = "<group>"; };
		FB567F6728EC29FA00842EF0 /* .swiftlint.yml */ = {isa = PBXFileReference; lastKnownFileType = text.yaml; path = .swiftlint.yml; sourceTree = "<group>"; };
		FB5A0787290C06B000FDD937 /* SectionHeaderReusableView.swift */ = {isa = PBXFileReference; fileEncoding = 4; lastKnownFileType = sourcecode.swift; path = SectionHeaderReusableView.swift; sourceTree = "<group>"; };
		FB5A0789290C06FB00FDD937 /* CategorySection.swift */ = {isa = PBXFileReference; fileEncoding = 4; lastKnownFileType = sourcecode.swift; path = CategorySection.swift; sourceTree = "<group>"; };
		FB5A079529125FC400FDD937 /* LeaderboardDataSource.swift */ = {isa = PBXFileReference; lastKnownFileType = sourcecode.swift; path = LeaderboardDataSource.swift; sourceTree = "<group>"; };
		FB5A07972912600400FDD937 /* LeaderboardClient.swift */ = {isa = PBXFileReference; lastKnownFileType = sourcecode.swift; path = LeaderboardClient.swift; sourceTree = "<group>"; };
		FB5A07992912604400FDD937 /* LeaderboardUseCase.swift */ = {isa = PBXFileReference; lastKnownFileType = sourcecode.swift; path = LeaderboardUseCase.swift; sourceTree = "<group>"; };
		FB5A079B2912608900FDD937 /* LeaderboardViewModel.swift */ = {isa = PBXFileReference; lastKnownFileType = sourcecode.swift; path = LeaderboardViewModel.swift; sourceTree = "<group>"; };
		FB5A079D291260AA00FDD937 /* LeaderboardViewController.swift */ = {isa = PBXFileReference; lastKnownFileType = sourcecode.swift; path = LeaderboardViewController.swift; sourceTree = "<group>"; };
		FB5A079F291264BD00FDD937 /* LeaderboardResponseModel.swift */ = {isa = PBXFileReference; lastKnownFileType = sourcecode.swift; path = LeaderboardResponseModel.swift; sourceTree = "<group>"; };
		FB5A07A229126EF700FDD937 /* LeaderboardTableViewCell.swift */ = {isa = PBXFileReference; lastKnownFileType = sourcecode.swift; path = LeaderboardTableViewCell.swift; sourceTree = "<group>"; };
		FB5A07A429127E4500FDD937 /* LeaderboardUseCaseModel.swift */ = {isa = PBXFileReference; lastKnownFileType = sourcecode.swift; path = LeaderboardUseCaseModel.swift; sourceTree = "<group>"; };
		FB5A07A629127E7700FDD937 /* LeaderboardDataModel.swift */ = {isa = PBXFileReference; lastKnownFileType = sourcecode.swift; path = LeaderboardDataModel.swift; sourceTree = "<group>"; };
		FB5A07A829127E9C00FDD937 /* LeaderboardModel.swift */ = {isa = PBXFileReference; lastKnownFileType = sourcecode.swift; path = LeaderboardModel.swift; sourceTree = "<group>"; };
		FB5A07AA29128D5900FDD937 /* QuizResponseModel.swift */ = {isa = PBXFileReference; lastKnownFileType = sourcecode.swift; path = QuizResponseModel.swift; sourceTree = "<group>"; };
		FB5A07AC29128DA000FDD937 /* QuizDataModel.swift */ = {isa = PBXFileReference; lastKnownFileType = sourcecode.swift; path = QuizDataModel.swift; sourceTree = "<group>"; };
		FB5A07AE29128DAD00FDD937 /* QuizUseCaseModel.swift */ = {isa = PBXFileReference; lastKnownFileType = sourcecode.swift; path = QuizUseCaseModel.swift; sourceTree = "<group>"; };
		FB5A07B02912916800FDD937 /* UserDataModel.swift */ = {isa = PBXFileReference; lastKnownFileType = sourcecode.swift; path = UserDataModel.swift; sourceTree = "<group>"; };
		FB5A07B22912918200FDD937 /* UserUseCaseModel.swift */ = {isa = PBXFileReference; lastKnownFileType = sourcecode.swift; path = UserUseCaseModel.swift; sourceTree = "<group>"; };
		FB5A07B42912919100FDD937 /* UserModel.swift */ = {isa = PBXFileReference; lastKnownFileType = sourcecode.swift; path = UserModel.swift; sourceTree = "<group>"; };
		FB5A07B62912933F00FDD937 /* LoginDataModel.swift */ = {isa = PBXFileReference; lastKnownFileType = sourcecode.swift; path = LoginDataModel.swift; sourceTree = "<group>"; };
		FB5A07B82912A2CB00FDD937 /* LoginUseCaseModel.swift */ = {isa = PBXFileReference; lastKnownFileType = sourcecode.swift; path = LoginUseCaseModel.swift; sourceTree = "<group>"; };
		FB5A07BE2913B32700FDD937 /* QuizSessionClient.swift */ = {isa = PBXFileReference; lastKnownFileType = sourcecode.swift; path = QuizSessionClient.swift; sourceTree = "<group>"; };
		FB5A07C62913B5B100FDD937 /* QuizSessionResponseModel.swift */ = {isa = PBXFileReference; lastKnownFileType = sourcecode.swift; path = QuizSessionResponseModel.swift; sourceTree = "<group>"; };
		FB5A07C82913B67B00FDD937 /* QuestionResponseModel.swift */ = {isa = PBXFileReference; lastKnownFileType = sourcecode.swift; path = QuestionResponseModel.swift; sourceTree = "<group>"; };
		FB5A07CA2913B72700FDD937 /* AnswerResponseModel.swift */ = {isa = PBXFileReference; lastKnownFileType = sourcecode.swift; path = AnswerResponseModel.swift; sourceTree = "<group>"; };
		FB5A07CC2913B7A500FDD937 /* QuizSessionDataSource.swift */ = {isa = PBXFileReference; lastKnownFileType = sourcecode.swift; path = QuizSessionDataSource.swift; sourceTree = "<group>"; };
		FB5A07CE2913B88200FDD937 /* QuizSessionDataModel.swift */ = {isa = PBXFileReference; lastKnownFileType = sourcecode.swift; path = QuizSessionDataModel.swift; sourceTree = "<group>"; };
		FB5A07D32913BA4500FDD937 /* QuestionDataModel.swift */ = {isa = PBXFileReference; lastKnownFileType = sourcecode.swift; path = QuestionDataModel.swift; sourceTree = "<group>"; };
		FB5A07D52913BB6D00FDD937 /* AnswerDataModel.swift */ = {isa = PBXFileReference; lastKnownFileType = sourcecode.swift; path = AnswerDataModel.swift; sourceTree = "<group>"; };
		FB5A07D72913BCEC00FDD937 /* AnswerUseCaseModel.swift */ = {isa = PBXFileReference; lastKnownFileType = sourcecode.swift; path = AnswerUseCaseModel.swift; sourceTree = "<group>"; };
		FB5A07D92913BD3400FDD937 /* AnswerModel.swift */ = {isa = PBXFileReference; lastKnownFileType = sourcecode.swift; path = AnswerModel.swift; sourceTree = "<group>"; };
		FB5A07DB2913BDB400FDD937 /* QuestionUseCaseModel.swift */ = {isa = PBXFileReference; lastKnownFileType = sourcecode.swift; path = QuestionUseCaseModel.swift; sourceTree = "<group>"; };
		FB5A07DD2913BDF300FDD937 /* QuestionModel.swift */ = {isa = PBXFileReference; lastKnownFileType = sourcecode.swift; path = QuestionModel.swift; sourceTree = "<group>"; };
		FB5A07DF2913BE2500FDD937 /* QuizSessionUseCaseModel.swift */ = {isa = PBXFileReference; lastKnownFileType = sourcecode.swift; path = QuizSessionUseCaseModel.swift; sourceTree = "<group>"; };
		FB5A07E12913BE6100FDD937 /* QuizSessionModel.swift */ = {isa = PBXFileReference; lastKnownFileType = sourcecode.swift; path = QuizSessionModel.swift; sourceTree = "<group>"; };
		FB5A07E32913C17500FDD937 /* QuizSessionUseCase.swift */ = {isa = PBXFileReference; lastKnownFileType = sourcecode.swift; path = QuizSessionUseCase.swift; sourceTree = "<group>"; };
		FB5A07E62913DF9500FDD937 /* SearchViewController.swift */ = {isa = PBXFileReference; lastKnownFileType = sourcecode.swift; path = SearchViewController.swift; sourceTree = "<group>"; };
		FB5A07E9291517F700FDD937 /* SearchBarView.swift */ = {isa = PBXFileReference; lastKnownFileType = sourcecode.swift; path = SearchBarView.swift; sourceTree = "<group>"; };
		FB5A07FD29153A8E00FDD937 /* DifficultyResponseModel.swift */ = {isa = PBXFileReference; lastKnownFileType = sourcecode.swift; path = DifficultyResponseModel.swift; sourceTree = "<group>"; };
		FB5A07FF29153AA700FDD937 /* DifficultyDataModel.swift */ = {isa = PBXFileReference; lastKnownFileType = sourcecode.swift; path = DifficultyDataModel.swift; sourceTree = "<group>"; };
		FB5A080129153AB800FDD937 /* DifficultyUseCaseModel.swift */ = {isa = PBXFileReference; lastKnownFileType = sourcecode.swift; path = DifficultyUseCaseModel.swift; sourceTree = "<group>"; };
		FB5A080329153AC800FDD937 /* DifficultyModel.swift */ = {isa = PBXFileReference; lastKnownFileType = sourcecode.swift; path = DifficultyModel.swift; sourceTree = "<group>"; };
		FB8647C128F807E9001AE89B /* QuizViewModel.swift */ = {isa = PBXFileReference; lastKnownFileType = sourcecode.swift; path = QuizViewModel.swift; sourceTree = "<group>"; };
		FB8647CB28F82156001AE89B /* QuizListCollectionViewCell.swift */ = {isa = PBXFileReference; lastKnownFileType = sourcecode.swift; path = QuizListCollectionViewCell.swift; sourceTree = "<group>"; };
		FB8647D028F82C5A001AE89B /* QuizModel.swift */ = {isa = PBXFileReference; lastKnownFileType = sourcecode.swift; path = QuizModel.swift; sourceTree = "<group>"; };
		FB8647D228F98E69001AE89B /* AppDependencies.swift */ = {isa = PBXFileReference; lastKnownFileType = sourcecode.swift; path = AppDependencies.swift; sourceTree = "<group>"; };
		FB8647D428FE99D7001AE89B /* QuizUseCase.swift */ = {isa = PBXFileReference; lastKnownFileType = sourcecode.swift; path = QuizUseCase.swift; sourceTree = "<group>"; };
		FB8647D828FE9B02001AE89B /* QuizClient.swift */ = {isa = PBXFileReference; lastKnownFileType = sourcecode.swift; path = QuizClient.swift; sourceTree = "<group>"; };
		FB8647DA29000D01001AE89B /* DifficultyView.swift */ = {isa = PBXFileReference; lastKnownFileType = sourcecode.swift; path = DifficultyView.swift; sourceTree = "<group>"; };
		FB8648152906793B001AE89B /* LoginDataSource.swift */ = {isa = PBXFileReference; lastKnownFileType = sourcecode.swift; path = LoginDataSource.swift; sourceTree = "<group>"; };
		FB86481729067974001AE89B /* QuizDataSource.swift */ = {isa = PBXFileReference; lastKnownFileType = sourcecode.swift; path = QuizDataSource.swift; sourceTree = "<group>"; };
		FB86481B290679CC001AE89B /* UserDataSource.swift */ = {isa = PBXFileReference; lastKnownFileType = sourcecode.swift; path = UserDataSource.swift; sourceTree = "<group>"; };
		FB86483D2907C7BB001AE89B /* QuizErrorView.swift */ = {isa = PBXFileReference; lastKnownFileType = sourcecode.swift; path = QuizErrorView.swift; sourceTree = "<group>"; };
		FBA618FF2941E64E00446905 /* LoginView.swift */ = {isa = PBXFileReference; lastKnownFileType = sourcecode.swift; path = LoginView.swift; sourceTree = "<group>"; };
		FBC65C2628F5582C0045F87B /* TabBarController.swift */ = {isa = PBXFileReference; lastKnownFileType = sourcecode.swift; path = TabBarController.swift; sourceTree = "<group>"; };
		FBC65C2828F558B00045F87B /* QuizViewController.swift */ = {isa = PBXFileReference; lastKnownFileType = sourcecode.swift; path = QuizViewController.swift; sourceTree = "<group>"; };
		FBC65C2C28F55BDF0045F87B /* UserViewModel.swift */ = {isa = PBXFileReference; lastKnownFileType = sourcecode.swift; path = UserViewModel.swift; sourceTree = "<group>"; };
		FBC65C2E28F56F360045F87B /* UserUseCase.swift */ = {isa = PBXFileReference; lastKnownFileType = sourcecode.swift; path = UserUseCase.swift; sourceTree = "<group>"; };
		FBC65C3228F6A9540045F87B /* UserClient.swift */ = {isa = PBXFileReference; lastKnownFileType = sourcecode.swift; path = UserClient.swift; sourceTree = "<group>"; };
		FBC65C3728F6D1BE0045F87B /* LoginResponseModel.swift */ = {isa = PBXFileReference; lastKnownFileType = sourcecode.swift; path = LoginResponseModel.swift; sourceTree = "<group>"; };
		FBC65C3928F6D1FA0045F87B /* RequestError.swift */ = {isa = PBXFileReference; lastKnownFileType = sourcecode.swift; path = RequestError.swift; sourceTree = "<group>"; };
		FBC65C3B28F6F12A0045F87B /* UserResponseModel.swift */ = {isa = PBXFileReference; lastKnownFileType = sourcecode.swift; path = UserResponseModel.swift; sourceTree = "<group>"; };
		FBC65C3D28F6F3130045F87B /* ApiClient.swift */ = {isa = PBXFileReference; lastKnownFileType = sourcecode.swift; path = ApiClient.swift; sourceTree = "<group>"; };
		FBC8063B290BE382007E717B /* QuizDetailsViewModel.swift */ = {isa = PBXFileReference; lastKnownFileType = sourcecode.swift; path = QuizDetailsViewModel.swift; sourceTree = "<group>"; };
		FBC8063D290BE962007E717B /* QuizError.swift */ = {isa = PBXFileReference; lastKnownFileType = sourcecode.swift; path = QuizError.swift; sourceTree = "<group>"; };
		FBCE14FE290A937400C1C646 /* QuizDetailsViewController.swift */ = {isa = PBXFileReference; lastKnownFileType = sourcecode.swift; path = QuizDetailsViewController.swift; sourceTree = "<group>"; };
		FBF155142918F78400E721A6 /* Gesture+Extensions.swift */ = {isa = PBXFileReference; lastKnownFileType = sourcecode.swift; path = "Gesture+Extensions.swift"; sourceTree = "<group>"; };
		FBF155162918F8BC00E721A6 /* UIControl+Extensions.swift */ = {isa = PBXFileReference; lastKnownFileType = sourcecode.swift; path = "UIControl+Extensions.swift"; sourceTree = "<group>"; };
/* End PBXFileReference section */

/* Begin PBXFrameworksBuildPhase section */
		FB567F4C28EC0EA200842EF0 /* Frameworks */ = {
			isa = PBXFrameworksBuildPhase;
			buildActionMask = 2147483647;
			files = (
				FB5A0786290C063900FDD937 /* Factory in Frameworks */,
				FB8647CF28F829EE001AE89B /* Kingfisher in Frameworks */,
				FB47247128F0350A0027EFC7 /* Keychain in Frameworks */,
				FBC5AB1328EC3D5800CBC98A /* SnapKit in Frameworks */,
			);
			runOnlyForDeploymentPostprocessing = 0;
		};
/* End PBXFrameworksBuildPhase section */

/* Begin PBXGroup section */
		FB47245228EEB6190027EFC7 /* Extensions */ = {
			isa = PBXGroup;
			children = (
				FB47245328EEB6440027EFC7 /* ConstructViewsProtocol.swift */,
				FBF155142918F78400E721A6 /* Gesture+Extensions.swift */,
				FBF155162918F8BC00E721A6 /* UIControl+Extensions.swift */,
			);
			path = Extensions;
			sourceTree = "<group>";
		};
		FB47245528EEB7EA0027EFC7 /* AppRouter */ = {
			isa = PBXGroup;
			children = (
				FB47245628EEB8000027EFC7 /* AppRouterProtocol.swift */,
				FB47245828EEB8540027EFC7 /* AppRouter.swift */,
			);
			path = AppRouter;
			sourceTree = "<group>";
		};
		FB47245A28EECFAD0027EFC7 /* Login */ = {
			isa = PBXGroup;
			children = (
				FBA618FF2941E64E00446905 /* LoginView.swift */,
				FB8647F12902A821001AE89B /* ViewControllers */,
				FB8647F02902A817001AE89B /* ViewModel */,
				FB8647EF2902A80A001AE89B /* DataSource */,
				FB8647EE2902A7FD001AE89B /* UseCase */,
				FB8647ED2902A7C9001AE89B /* Client */,
			);
			path = Login;
			sourceTree = "<group>";
		};
		FB47247228F0385E0027EFC7 /* TokenStorage */ = {
			isa = PBXGroup;
			children = (
				FB47246D28F034C90027EFC7 /* SecureStorage.swift */,
			);
			path = TokenStorage;
			sourceTree = "<group>";
		};
		FB47247328F03BB50027EFC7 /* User */ = {
			isa = PBXGroup;
			children = (
				FB8647F22902A82F001AE89B /* ViewControllers */,
				FB8647FE2902A946001AE89B /* ViewModel */,
				FB8647FD2902A93D001AE89B /* Client */,
				FB8647FC2902A92B001AE89B /* DataSource */,
				FB8647FB2902A923001AE89B /* UseCase */,
			);
			path = User;
			sourceTree = "<group>";
		};
		FB567F4628EC0EA200842EF0 = {
			isa = PBXGroup;
			children = (
				FB567F5128EC0EA200842EF0 /* QuizApp */,
				FB567F5028EC0EA200842EF0 /* Products */,
			);
			sourceTree = "<group>";
		};
		FB567F5028EC0EA200842EF0 /* Products */ = {
			isa = PBXGroup;
			children = (
				FB567F4F28EC0EA200842EF0 /* QuizApp.app */,
			);
			name = Products;
			sourceTree = "<group>";
		};
		FB567F5128EC0EA200842EF0 /* QuizApp */ = {
			isa = PBXGroup;
			children = (
				FBC65C3D28F6F3130045F87B /* ApiClient.swift */,
				FB8647D228F98E69001AE89B /* AppDependencies.swift */,
				FBC65C3428F6D1880045F87B /* Enums */,
				FB47245528EEB7EA0027EFC7 /* AppRouter */,
				FB47245A28EECFAD0027EFC7 /* Login */,
				FB47247328F03BB50027EFC7 /* User */,
				FB5A07E52913DF1D00FDD937 /* Search */,
				FBC65C3F28F6F5420045F87B /* Quiz */,
				FB5A078B29125ECA00FDD937 /* Leaderboard */,
				FB5A07BC2913B2F400FDD937 /* QuizSession */,
				FB47247228F0385E0027EFC7 /* TokenStorage */,
				FB47245228EEB6190027EFC7 /* Extensions */,
				FB567F5228EC0EA200842EF0 /* AppDelegate.swift */,
				FB567F5428EC0EA200842EF0 /* SceneDelegate.swift */,
				FBC65C2628F5582C0045F87B /* TabBarController.swift */,
				FB567F5B28EC0EA400842EF0 /* Assets.xcassets */,
				FB567F5D28EC0EA400842EF0 /* LaunchScreen.storyboard */,
				FB567F6028EC0EA400842EF0 /* Info.plist */,
				FB567F6728EC29FA00842EF0 /* .swiftlint.yml */,
			);
			path = QuizApp;
			sourceTree = "<group>";
		};
		FB5A078B29125ECA00FDD937 /* Leaderboard */ = {
			isa = PBXGroup;
			children = (
				FB5A079129125F0800FDD937 /* Views */,
				FB5A078C29125EE200FDD937 /* ViewControllers */,
				FB5A079229125F0E00FDD937 /* ViewModel */,
				FB5A078F29125EFB00FDD937 /* UseCase */,
				FB5A078E29125EF500FDD937 /* DataSource */,
				FB5A079029125F0100FDD937 /* Client */,
			);
			path = Leaderboard;
			sourceTree = "<group>";
		};
		FB5A078C29125EE200FDD937 /* ViewControllers */ = {
			isa = PBXGroup;
			children = (
				FB5A079D291260AA00FDD937 /* LeaderboardViewController.swift */,
			);
			path = ViewControllers;
			sourceTree = "<group>";
		};
		FB5A078E29125EF500FDD937 /* DataSource */ = {
			isa = PBXGroup;
			children = (
				FB5A07EC2915365C00FDD937 /* Models */,
				FB5A079529125FC400FDD937 /* LeaderboardDataSource.swift */,
			);
			path = DataSource;
			sourceTree = "<group>";
		};
		FB5A078F29125EFB00FDD937 /* UseCase */ = {
			isa = PBXGroup;
			children = (
				FB5A07ED2915368500FDD937 /* Models */,
				FB5A07992912604400FDD937 /* LeaderboardUseCase.swift */,
			);
			path = UseCase;
			sourceTree = "<group>";
		};
		FB5A079029125F0100FDD937 /* Client */ = {
			isa = PBXGroup;
			children = (
				FB5A07EB2915364900FDD937 /* Models */,
				FB5A07972912600400FDD937 /* LeaderboardClient.swift */,
			);
			path = Client;
			sourceTree = "<group>";
		};
		FB5A079129125F0800FDD937 /* Views */ = {
			isa = PBXGroup;
			children = (
				FB5A07A229126EF700FDD937 /* LeaderboardTableViewCell.swift */,
			);
			path = Views;
			sourceTree = "<group>";
		};
		FB5A079229125F0E00FDD937 /* ViewModel */ = {
			isa = PBXGroup;
			children = (
				FB5A07EE2915369500FDD937 /* Models */,
				FB5A079B2912608900FDD937 /* LeaderboardViewModel.swift */,
			);
			path = ViewModel;
			sourceTree = "<group>";
		};
		FB5A07BC2913B2F400FDD937 /* QuizSession */ = {
			isa = PBXGroup;
			children = (
				FB5A07C52913B59100FDD937 /* ViewControllers */,
				FB5A07C42913B58400FDD937 /* ViewModel */,
				FB5A07C32913B57E00FDD937 /* UseCase */,
				FB5A07C22913B57700FDD937 /* DataSource */,
				FB5A07C12913B57100FDD937 /* Client */,
			);
			path = QuizSession;
			sourceTree = "<group>";
		};
		FB5A07C12913B57100FDD937 /* Client */ = {
			isa = PBXGroup;
			children = (
				FB5A0807291544EB00FDD937 /* Models */,
				FB5A07BE2913B32700FDD937 /* QuizSessionClient.swift */,
			);
			path = Client;
			sourceTree = "<group>";
		};
		FB5A07C22913B57700FDD937 /* DataSource */ = {
			isa = PBXGroup;
			children = (
				FB5A08062915442000FDD937 /* Models */,
				FB5A07CC2913B7A500FDD937 /* QuizSessionDataSource.swift */,
			);
			path = DataSource;
			sourceTree = "<group>";
		};
		FB5A07C32913B57E00FDD937 /* UseCase */ = {
			isa = PBXGroup;
			children = (
				FB5A08052915435600FDD937 /* Models */,
				FB5A07E32913C17500FDD937 /* QuizSessionUseCase.swift */,
			);
			path = UseCase;
			sourceTree = "<group>";
		};
		FB5A07C42913B58400FDD937 /* ViewModel */ = {
			isa = PBXGroup;
			children = (
				FB5A08082915451900FDD937 /* Models */,
			);
			path = ViewModel;
			sourceTree = "<group>";
		};
		FB5A07C52913B59100FDD937 /* ViewControllers */ = {
			isa = PBXGroup;
			children = (
			);
			path = ViewControllers;
			sourceTree = "<group>";
		};
		FB5A07E52913DF1D00FDD937 /* Search */ = {
			isa = PBXGroup;
			children = (
				FB5A07E8291517DE00FDD937 /* Views */,
				FB5A07E62913DF9500FDD937 /* SearchViewController.swift */,
			);
			path = Search;
			sourceTree = "<group>";
		};
		FB5A07E8291517DE00FDD937 /* Views */ = {
			isa = PBXGroup;
			children = (
				FB5A07E9291517F700FDD937 /* SearchBarView.swift */,
			);
			path = Views;
			sourceTree = "<group>";
		};
		FB5A07EB2915364900FDD937 /* Models */ = {
			isa = PBXGroup;
			children = (
				FB5A079F291264BD00FDD937 /* LeaderboardResponseModel.swift */,
			);
			path = Models;
			sourceTree = "<group>";
		};
		FB5A07EC2915365C00FDD937 /* Models */ = {
			isa = PBXGroup;
			children = (
				FB5A07A629127E7700FDD937 /* LeaderboardDataModel.swift */,
			);
			path = Models;
			sourceTree = "<group>";
		};
		FB5A07ED2915368500FDD937 /* Models */ = {
			isa = PBXGroup;
			children = (
				FB5A07A429127E4500FDD937 /* LeaderboardUseCaseModel.swift */,
			);
			path = Models;
			sourceTree = "<group>";
		};
		FB5A07EE2915369500FDD937 /* Models */ = {
			isa = PBXGroup;
			children = (
				FB5A07A829127E9C00FDD937 /* LeaderboardModel.swift */,
			);
			path = Models;
			sourceTree = "<group>";
		};
		FB5A07EF291536BB00FDD937 /* Models */ = {
			isa = PBXGroup;
			children = (
				FB5A07FF29153AA700FDD937 /* DifficultyDataModel.swift */,
				FB5A07AC29128DA000FDD937 /* QuizDataModel.swift */,
			);
			path = Models;
			sourceTree = "<group>";
		};
		FB5A07F0291536D800FDD937 /* Models */ = {
			isa = PBXGroup;
			children = (
				FB5A080129153AB800FDD937 /* DifficultyUseCaseModel.swift */,
				FB5A07AE29128DAD00FDD937 /* QuizUseCaseModel.swift */,
			);
			path = Models;
			sourceTree = "<group>";
		};
		FB5A07F1291536ED00FDD937 /* Models */ = {
			isa = PBXGroup;
			children = (
				FB5A07FD29153A8E00FDD937 /* DifficultyResponseModel.swift */,
				FB5A07AA29128D5900FDD937 /* QuizResponseModel.swift */,
			);
			path = Models;
			sourceTree = "<group>";
		};
		FB5A07F42915370C00FDD937 /* Models */ = {
			isa = PBXGroup;
			children = (
				FB5A080329153AC800FDD937 /* DifficultyModel.swift */,
				FB8647D028F82C5A001AE89B /* QuizModel.swift */,
			);
			path = Models;
			sourceTree = "<group>";
		};
		FB5A07F52915372A00FDD937 /* Models */ = {
			isa = PBXGroup;
			children = (
				FBC65C3B28F6F12A0045F87B /* UserResponseModel.swift */,
			);
			path = Models;
			sourceTree = "<group>";
		};
		FB5A07F62915373B00FDD937 /* Models */ = {
			isa = PBXGroup;
			children = (
				FB5A07B02912916800FDD937 /* UserDataModel.swift */,
			);
			path = Models;
			sourceTree = "<group>";
		};
		FB5A07F72915375600FDD937 /* Models */ = {
			isa = PBXGroup;
			children = (
				FB5A07B22912918200FDD937 /* UserUseCaseModel.swift */,
			);
			path = Models;
			sourceTree = "<group>";
		};
		FB5A07F82915376B00FDD937 /* Models */ = {
			isa = PBXGroup;
			children = (
				FB5A07B42912919100FDD937 /* UserModel.swift */,
			);
			path = Models;
			sourceTree = "<group>";
		};
		FB5A07FA291537AD00FDD937 /* Models */ = {
			isa = PBXGroup;
			children = (
				FBC65C3728F6D1BE0045F87B /* LoginResponseModel.swift */,
			);
			path = Models;
			sourceTree = "<group>";
		};
		FB5A07FB291537BF00FDD937 /* Models */ = {
			isa = PBXGroup;
			children = (
				FB5A07B62912933F00FDD937 /* LoginDataModel.swift */,
			);
			path = Models;
			sourceTree = "<group>";
		};
		FB5A07FC291537D400FDD937 /* Models */ = {
			isa = PBXGroup;
			children = (
				FB5A07B82912A2CB00FDD937 /* LoginUseCaseModel.swift */,
			);
			path = Models;
			sourceTree = "<group>";
		};
		FB5A08052915435600FDD937 /* Models */ = {
			isa = PBXGroup;
			children = (
				FB5A07DB2913BDB400FDD937 /* QuestionUseCaseModel.swift */,
				FB5A07DF2913BE2500FDD937 /* QuizSessionUseCaseModel.swift */,
				FB5A07D72913BCEC00FDD937 /* AnswerUseCaseModel.swift */,
			);
			path = Models;
			sourceTree = "<group>";
		};
		FB5A08062915442000FDD937 /* Models */ = {
			isa = PBXGroup;
			children = (
				FB5A07D32913BA4500FDD937 /* QuestionDataModel.swift */,
				FB5A07CE2913B88200FDD937 /* QuizSessionDataModel.swift */,
				FB5A07D52913BB6D00FDD937 /* AnswerDataModel.swift */,
			);
			path = Models;
			sourceTree = "<group>";
		};
		FB5A0807291544EB00FDD937 /* Models */ = {
			isa = PBXGroup;
			children = (
				FB5A07CA2913B72700FDD937 /* AnswerResponseModel.swift */,
				FB5A07C62913B5B100FDD937 /* QuizSessionResponseModel.swift */,
				FB5A07C82913B67B00FDD937 /* QuestionResponseModel.swift */,
			);
			path = Models;
			sourceTree = "<group>";
		};
		FB5A08082915451900FDD937 /* Models */ = {
			isa = PBXGroup;
			children = (
				FB5A07E12913BE6100FDD937 /* QuizSessionModel.swift */,
				FB5A07DD2913BDF300FDD937 /* QuestionModel.swift */,
				FB5A07D92913BD3400FDD937 /* AnswerModel.swift */,
			);
			path = Models;
			sourceTree = "<group>";
		};
		FB8647E8290296E2001AE89B /* Views */ = {
			isa = PBXGroup;
			children = (
				FB5A0787290C06B000FDD937 /* SectionHeaderReusableView.swift */,
				FB2D54F4290A75BB0071162A /* QuizDetailsView.swift */,
				FB8647CB28F82156001AE89B /* QuizListCollectionViewCell.swift */,
				FB8647DA29000D01001AE89B /* DifficultyView.swift */,
				FB86483D2907C7BB001AE89B /* QuizErrorView.swift */,
			);
			path = Views;
			sourceTree = "<group>";
		};
		FB8647ED2902A7C9001AE89B /* Client */ = {
			isa = PBXGroup;
			children = (
				FB5A07FA291537AD00FDD937 /* Models */,
				FB47245B28EECFD80027EFC7 /* LoginClient.swift */,
			);
			path = Client;
			sourceTree = "<group>";
		};
		FB8647EE2902A7FD001AE89B /* UseCase */ = {
			isa = PBXGroup;
			children = (
				FB5A07FC291537D400FDD937 /* Models */,
				FB47246B28F020C50027EFC7 /* LoginUseCase.swift */,
			);
			path = UseCase;
			sourceTree = "<group>";
		};
		FB8647EF2902A80A001AE89B /* DataSource */ = {
			isa = PBXGroup;
			children = (
				FB5A07FB291537BF00FDD937 /* Models */,
				FB8648152906793B001AE89B /* LoginDataSource.swift */,
			);
			path = DataSource;
			sourceTree = "<group>";
		};
		FB8647F02902A817001AE89B /* ViewModel */ = {
			isa = PBXGroup;
			children = (
				FB47246728EF35B70027EFC7 /* LoginViewModel.swift */,
			);
			path = ViewModel;
			sourceTree = "<group>";
		};
		FB8647F12902A821001AE89B /* ViewControllers */ = {
			isa = PBXGroup;
			children = (
				FB567F5628EC0EA200842EF0 /* LoginViewController.swift */,
			);
			path = ViewControllers;
			sourceTree = "<group>";
		};
		FB8647F22902A82F001AE89B /* ViewControllers */ = {
			isa = PBXGroup;
			children = (
				FB47247428F03BD20027EFC7 /* UserViewController.swift */,
			);
			path = ViewControllers;
			sourceTree = "<group>";
		};
		FB8647F52902A87F001AE89B /* Models */ = {
			isa = PBXGroup;
			children = (
				FB5A0789290C06FB00FDD937 /* CategorySection.swift */,
				FBC8063D290BE962007E717B /* QuizError.swift */,
			);
			path = Models;
			sourceTree = "<group>";
		};
		FB8647F62902A894001AE89B /* DataSource */ = {
			isa = PBXGroup;
			children = (
				FB5A07EF291536BB00FDD937 /* Models */,
				FB86481729067974001AE89B /* QuizDataSource.swift */,
			);
			path = DataSource;
			sourceTree = "<group>";
		};
		FB8647F72902A8C5001AE89B /* ViewModel */ = {
			isa = PBXGroup;
			children = (
				FB5A07F42915370C00FDD937 /* Models */,
				FB8647C128F807E9001AE89B /* QuizViewModel.swift */,
				FBC8063B290BE382007E717B /* QuizDetailsViewModel.swift */,
			);
			path = ViewModel;
			sourceTree = "<group>";
		};
		FB8647F82902A8CE001AE89B /* Client */ = {
			isa = PBXGroup;
			children = (
				FB5A07F1291536ED00FDD937 /* Models */,
				FB8647D828FE9B02001AE89B /* QuizClient.swift */,
			);
			path = Client;
			sourceTree = "<group>";
		};
		FB8647F92902A8F0001AE89B /* ViewControllers */ = {
			isa = PBXGroup;
			children = (
				FBC65C2828F558B00045F87B /* QuizViewController.swift */,
				FBCE14FE290A937400C1C646 /* QuizDetailsViewController.swift */,
			);
			path = ViewControllers;
			sourceTree = "<group>";
		};
		FB8647FA2902A910001AE89B /* UseCase */ = {
			isa = PBXGroup;
			children = (
				FB5A07F0291536D800FDD937 /* Models */,
				FB8647D428FE99D7001AE89B /* QuizUseCase.swift */,
			);
			path = UseCase;
			sourceTree = "<group>";
		};
		FB8647FB2902A923001AE89B /* UseCase */ = {
			isa = PBXGroup;
			children = (
				FB5A07F72915375600FDD937 /* Models */,
				FBC65C2E28F56F360045F87B /* UserUseCase.swift */,
			);
			path = UseCase;
			sourceTree = "<group>";
		};
		FB8647FC2902A92B001AE89B /* DataSource */ = {
			isa = PBXGroup;
			children = (
				FB5A07F62915373B00FDD937 /* Models */,
				FB86481B290679CC001AE89B /* UserDataSource.swift */,
			);
			path = DataSource;
			sourceTree = "<group>";
		};
		FB8647FD2902A93D001AE89B /* Client */ = {
			isa = PBXGroup;
			children = (
				FB5A07F52915372A00FDD937 /* Models */,
				FBC65C3228F6A9540045F87B /* UserClient.swift */,
			);
			path = Client;
			sourceTree = "<group>";
		};
		FB8647FE2902A946001AE89B /* ViewModel */ = {
			isa = PBXGroup;
			children = (
				FB5A07F82915376B00FDD937 /* Models */,
				FBC65C2C28F55BDF0045F87B /* UserViewModel.swift */,
			);
			path = ViewModel;
			sourceTree = "<group>";
		};
		FBC65C3428F6D1880045F87B /* Enums */ = {
			isa = PBXGroup;
			children = (
				FBC65C3928F6D1FA0045F87B /* RequestError.swift */,
			);
			path = Enums;
			sourceTree = "<group>";
		};
		FBC65C3F28F6F5420045F87B /* Quiz */ = {
			isa = PBXGroup;
			children = (
				FB8647F92902A8F0001AE89B /* ViewControllers */,
				FB8647F72902A8C5001AE89B /* ViewModel */,
				FB8647E8290296E2001AE89B /* Views */,
				FB8647F82902A8CE001AE89B /* Client */,
				FB8647FA2902A910001AE89B /* UseCase */,
				FB8647F62902A894001AE89B /* DataSource */,
				FB8647F52902A87F001AE89B /* Models */,
			);
			path = Quiz;
			sourceTree = "<group>";
		};
/* End PBXGroup section */

/* Begin PBXNativeTarget section */
		FB567F4E28EC0EA200842EF0 /* QuizApp */ = {
			isa = PBXNativeTarget;
			buildConfigurationList = FB567F6328EC0EA400842EF0 /* Build configuration list for PBXNativeTarget "QuizApp" */;
			buildPhases = (
				FB567F4B28EC0EA200842EF0 /* Sources */,
				FB567F4C28EC0EA200842EF0 /* Frameworks */,
				FB567F4D28EC0EA200842EF0 /* Resources */,
				FB567F6628EC265300842EF0 /* ShellScript */,
			);
			buildRules = (
			);
			dependencies = (
			);
			name = QuizApp;
			packageProductDependencies = (
				FBC5AB1228EC3D5800CBC98A /* SnapKit */,
				FB47247028F0350A0027EFC7 /* Keychain */,
				FB8647CE28F829EE001AE89B /* Kingfisher */,
				FB86481E29068A58001AE89B /* Factory */,
			);
			productName = QuizApp;
			productReference = FB567F4F28EC0EA200842EF0 /* QuizApp.app */;
			productType = "com.apple.product-type.application";
		};
/* End PBXNativeTarget section */

/* Begin PBXProject section */
		FB567F4728EC0EA200842EF0 /* Project object */ = {
			isa = PBXProject;
			attributes = {
				BuildIndependentTargetsInParallel = 1;
				LastSwiftUpdateCheck = 1400;
				LastUpgradeCheck = 1400;
				TargetAttributes = {
					FB567F4E28EC0EA200842EF0 = {
						CreatedOnToolsVersion = 14.0.1;
					};
				};
			};
			buildConfigurationList = FB567F4A28EC0EA200842EF0 /* Build configuration list for PBXProject "QuizApp" */;
			compatibilityVersion = "Xcode 14.0";
			developmentRegion = en;
			hasScannedForEncodings = 0;
			knownRegions = (
				en,
				Base,
			);
			mainGroup = FB567F4628EC0EA200842EF0;
			packageReferences = (
				FBC5AB1128EC3D5800CBC98A /* XCRemoteSwiftPackageReference "SnapKit" */,
				FB47246F28F0350A0027EFC7 /* XCRemoteSwiftPackageReference "Keychain.swift" */,
				FB8647CD28F829EE001AE89B /* XCRemoteSwiftPackageReference "Kingfisher" */,
				FB86481D29068A58001AE89B /* XCRemoteSwiftPackageReference "Factory" */,
			);
			productRefGroup = FB567F5028EC0EA200842EF0 /* Products */;
			projectDirPath = "";
			projectRoot = "";
			targets = (
				FB567F4E28EC0EA200842EF0 /* QuizApp */,
			);
		};
/* End PBXProject section */

/* Begin PBXResourcesBuildPhase section */
		FB567F4D28EC0EA200842EF0 /* Resources */ = {
			isa = PBXResourcesBuildPhase;
			buildActionMask = 2147483647;
			files = (
				FB567F6828EC29FA00842EF0 /* .swiftlint.yml in Resources */,
				FB567F5F28EC0EA400842EF0 /* LaunchScreen.storyboard in Resources */,
				FB567F5C28EC0EA400842EF0 /* Assets.xcassets in Resources */,
			);
			runOnlyForDeploymentPostprocessing = 0;
		};
/* End PBXResourcesBuildPhase section */

/* Begin PBXShellScriptBuildPhase section */
		FB567F6628EC265300842EF0 /* ShellScript */ = {
			isa = PBXShellScriptBuildPhase;
			buildActionMask = 2147483647;
			files = (
			);
			inputFileListPaths = (
			);
			inputPaths = (
			);
			outputFileListPaths = (
			);
			outputPaths = (
			);
			runOnlyForDeploymentPostprocessing = 0;
			shellPath = /bin/sh;
			shellScript = "if which swiftlint >/dev/null; then\n  swiftlint\nelse\n  echo \"warning: SwiftLint not installed, download from https://github.com/realm/SwiftLint\"\nfi\n";
		};
/* End PBXShellScriptBuildPhase section */

/* Begin PBXSourcesBuildPhase section */
		FB567F4B28EC0EA200842EF0 /* Sources */ = {
			isa = PBXSourcesBuildPhase;
			buildActionMask = 2147483647;
			files = (
				FB8647CC28F82156001AE89B /* QuizListCollectionViewCell.swift in Sources */,
				FBF155152918F78400E721A6 /* Gesture+Extensions.swift in Sources */,
				FBC8063C290BE382007E717B /* QuizDetailsViewModel.swift in Sources */,
				FB47246E28F034C90027EFC7 /* SecureStorage.swift in Sources */,
				FB5A07A729127E7700FDD937 /* LeaderboardDataModel.swift in Sources */,
				FB47247528F03BD20027EFC7 /* UserViewController.swift in Sources */,
				FB5A07B12912916800FDD937 /* UserDataModel.swift in Sources */,
				FBF155172918F8BC00E721A6 /* UIControl+Extensions.swift in Sources */,
				FB47245428EEB6440027EFC7 /* ConstructViewsProtocol.swift in Sources */,
				FB8647D128F82C5A001AE89B /* QuizModel.swift in Sources */,
				FB5A07CF2913B88200FDD937 /* QuizSessionDataModel.swift in Sources */,
				FB5A07DA2913BD3400FDD937 /* AnswerModel.swift in Sources */,
				FB5A07AF29128DAD00FDD937 /* QuizUseCaseModel.swift in Sources */,
				FB5A07CB2913B72700FDD937 /* AnswerResponseModel.swift in Sources */,
				FB8647C228F807E9001AE89B /* QuizViewModel.swift in Sources */,
				FB567F5728EC0EA200842EF0 /* LoginViewController.swift in Sources */,
				FB47245928EEB8540027EFC7 /* AppRouter.swift in Sources */,
				FB5A07FE29153A8E00FDD937 /* DifficultyResponseModel.swift in Sources */,
				FB5A07D82913BCEC00FDD937 /* AnswerUseCaseModel.swift in Sources */,
				FB5A0788290C06B000FDD937 /* SectionHeaderReusableView.swift in Sources */,
				FB5A07BF2913B32700FDD937 /* QuizSessionClient.swift in Sources */,
				FB5A07B92912A2CB00FDD937 /* LoginUseCaseModel.swift in Sources */,
				FB8647DB29000D01001AE89B /* DifficultyView.swift in Sources */,
				FB5A078A290C06FB00FDD937 /* CategorySection.swift in Sources */,
				FB5A07A929127E9C00FDD937 /* LeaderboardModel.swift in Sources */,
				FB567F5328EC0EA200842EF0 /* AppDelegate.swift in Sources */,
				FBC65C2928F558B00045F87B /* QuizViewController.swift in Sources */,
				FB5A079A2912604400FDD937 /* LeaderboardUseCase.swift in Sources */,
				FB5A07982912600400FDD937 /* LeaderboardClient.swift in Sources */,
				FB86483E2907C7BB001AE89B /* QuizErrorView.swift in Sources */,
				FB47245C28EECFD80027EFC7 /* LoginClient.swift in Sources */,
				FB5A080429153AC800FDD937 /* DifficultyModel.swift in Sources */,
				FB5A07B32912918200FDD937 /* UserUseCaseModel.swift in Sources */,
				FBC65C3828F6D1BE0045F87B /* LoginResponseModel.swift in Sources */,
				FB5A079C2912608900FDD937 /* LeaderboardViewModel.swift in Sources */,
				FBC65C3E28F6F3130045F87B /* ApiClient.swift in Sources */,
				FB5A07E22913BE6100FDD937 /* QuizSessionModel.swift in Sources */,
				FB5A07D42913BA4500FDD937 /* QuestionDataModel.swift in Sources */,
				FB567F5528EC0EA200842EF0 /* SceneDelegate.swift in Sources */,
				FB5A07E02913BE2500FDD937 /* QuizSessionUseCaseModel.swift in Sources */,
				FBC65C3328F6A9540045F87B /* UserClient.swift in Sources */,
				FB47245728EEB8000027EFC7 /* AppRouterProtocol.swift in Sources */,
				FB5A07C72913B5B100FDD937 /* QuizSessionResponseModel.swift in Sources */,
				FB5A07AB29128D5900FDD937 /* QuizResponseModel.swift in Sources */,
				FBCE14FF290A937400C1C646 /* QuizDetailsViewController.swift in Sources */,
				FB8647D928FE9B02001AE89B /* QuizClient.swift in Sources */,
				FB5A07A329126EF700FDD937 /* LeaderboardTableViewCell.swift in Sources */,
				FB5A080029153AA700FDD937 /* DifficultyDataModel.swift in Sources */,
				FBC65C2728F5582C0045F87B /* TabBarController.swift in Sources */,
				FB8647D328F98E69001AE89B /* AppDependencies.swift in Sources */,
				FB5A07CD2913B7A500FDD937 /* QuizSessionDataSource.swift in Sources */,
				FB5A07E42913C17500FDD937 /* QuizSessionUseCase.swift in Sources */,
				FBC65C3A28F6D1FA0045F87B /* RequestError.swift in Sources */,
				FB8648162906793B001AE89B /* LoginDataSource.swift in Sources */,
				FB5A07DE2913BDF300FDD937 /* QuestionModel.swift in Sources */,
				FBC65C2F28F56F360045F87B /* UserUseCase.swift in Sources */,
				FB5A079629125FC400FDD937 /* LeaderboardDataSource.swift in Sources */,
				FB5A07EA291517F700FDD937 /* SearchBarView.swift in Sources */,
				FBC8063E290BE962007E717B /* QuizError.swift in Sources */,
				FBA619002941E64E00446905 /* LoginView.swift in Sources */,
				FBC65C3C28F6F12A0045F87B /* UserResponseModel.swift in Sources */,
				FB5A07DC2913BDB400FDD937 /* QuestionUseCaseModel.swift in Sources */,
				FB5A07AD29128DA000FDD937 /* QuizDataModel.swift in Sources */,
				FB86481C290679CC001AE89B /* UserDataSource.swift in Sources */,
				FB5A07A529127E4500FDD937 /* LeaderboardUseCaseModel.swift in Sources */,
				FB8647D528FE99D7001AE89B /* QuizUseCase.swift in Sources */,
				FB5A07C92913B67B00FDD937 /* QuestionResponseModel.swift in Sources */,
				FB86481829067974001AE89B /* QuizDataSource.swift in Sources */,
				FB5A07E72913DF9500FDD937 /* SearchViewController.swift in Sources */,
				FB5A07B72912933F00FDD937 /* LoginDataModel.swift in Sources */,
				FB5A080229153AB800FDD937 /* DifficultyUseCaseModel.swift in Sources */,
				FB2D54F5290A75BB0071162A /* QuizDetailsView.swift in Sources */,
				FB5A07B52912919100FDD937 /* UserModel.swift in Sources */,
				FB5A07A0291264BD00FDD937 /* LeaderboardResponseModel.swift in Sources */,
				FBC65C2D28F55BDF0045F87B /* UserViewModel.swift in Sources */,
				FB47246828EF35B70027EFC7 /* LoginViewModel.swift in Sources */,
				FB5A079E291260AA00FDD937 /* LeaderboardViewController.swift in Sources */,
				FB5A07D62913BB6D00FDD937 /* AnswerDataModel.swift in Sources */,
				FB47246C28F020C50027EFC7 /* LoginUseCase.swift in Sources */,
			);
			runOnlyForDeploymentPostprocessing = 0;
		};
/* End PBXSourcesBuildPhase section */

/* Begin PBXVariantGroup section */
		FB567F5D28EC0EA400842EF0 /* LaunchScreen.storyboard */ = {
			isa = PBXVariantGroup;
			children = (
				FB567F5E28EC0EA400842EF0 /* Base */,
			);
			name = LaunchScreen.storyboard;
			sourceTree = "<group>";
		};
/* End PBXVariantGroup section */

/* Begin XCBuildConfiguration section */
		FB567F6128EC0EA400842EF0 /* Debug */ = {
			isa = XCBuildConfiguration;
			buildSettings = {
				ALWAYS_SEARCH_USER_PATHS = NO;
				CLANG_ANALYZER_NONNULL = YES;
				CLANG_ANALYZER_NUMBER_OBJECT_CONVERSION = YES_AGGRESSIVE;
				CLANG_CXX_LANGUAGE_STANDARD = "gnu++20";
				CLANG_ENABLE_MODULES = YES;
				CLANG_ENABLE_OBJC_ARC = YES;
				CLANG_ENABLE_OBJC_WEAK = YES;
				CLANG_WARN_BLOCK_CAPTURE_AUTORELEASING = YES;
				CLANG_WARN_BOOL_CONVERSION = YES;
				CLANG_WARN_COMMA = YES;
				CLANG_WARN_CONSTANT_CONVERSION = YES;
				CLANG_WARN_DEPRECATED_OBJC_IMPLEMENTATIONS = YES;
				CLANG_WARN_DIRECT_OBJC_ISA_USAGE = YES_ERROR;
				CLANG_WARN_DOCUMENTATION_COMMENTS = YES;
				CLANG_WARN_EMPTY_BODY = YES;
				CLANG_WARN_ENUM_CONVERSION = YES;
				CLANG_WARN_INFINITE_RECURSION = YES;
				CLANG_WARN_INT_CONVERSION = YES;
				CLANG_WARN_NON_LITERAL_NULL_CONVERSION = YES;
				CLANG_WARN_OBJC_IMPLICIT_RETAIN_SELF = YES;
				CLANG_WARN_OBJC_LITERAL_CONVERSION = YES;
				CLANG_WARN_OBJC_ROOT_CLASS = YES_ERROR;
				CLANG_WARN_QUOTED_INCLUDE_IN_FRAMEWORK_HEADER = YES;
				CLANG_WARN_RANGE_LOOP_ANALYSIS = YES;
				CLANG_WARN_STRICT_PROTOTYPES = YES;
				CLANG_WARN_SUSPICIOUS_MOVE = YES;
				CLANG_WARN_UNGUARDED_AVAILABILITY = YES_AGGRESSIVE;
				CLANG_WARN_UNREACHABLE_CODE = YES;
				CLANG_WARN__DUPLICATE_METHOD_MATCH = YES;
				COPY_PHASE_STRIP = NO;
				DEBUG_INFORMATION_FORMAT = dwarf;
				ENABLE_STRICT_OBJC_MSGSEND = YES;
				ENABLE_TESTABILITY = YES;
				GCC_C_LANGUAGE_STANDARD = gnu11;
				GCC_DYNAMIC_NO_PIC = NO;
				GCC_NO_COMMON_BLOCKS = YES;
				GCC_OPTIMIZATION_LEVEL = 0;
				GCC_PREPROCESSOR_DEFINITIONS = (
					"DEBUG=1",
					"$(inherited)",
				);
				GCC_WARN_64_TO_32_BIT_CONVERSION = YES;
				GCC_WARN_ABOUT_RETURN_TYPE = YES_ERROR;
				GCC_WARN_UNDECLARED_SELECTOR = YES;
				GCC_WARN_UNINITIALIZED_AUTOS = YES_AGGRESSIVE;
				GCC_WARN_UNUSED_FUNCTION = YES;
				GCC_WARN_UNUSED_VARIABLE = YES;
				IPHONEOS_DEPLOYMENT_TARGET = 16.0;
				MTL_ENABLE_DEBUG_INFO = INCLUDE_SOURCE;
				MTL_FAST_MATH = YES;
				ONLY_ACTIVE_ARCH = YES;
				SDKROOT = iphoneos;
				SWIFT_ACTIVE_COMPILATION_CONDITIONS = DEBUG;
				SWIFT_OPTIMIZATION_LEVEL = "-Onone";
			};
			name = Debug;
		};
		FB567F6228EC0EA400842EF0 /* Release */ = {
			isa = XCBuildConfiguration;
			buildSettings = {
				ALWAYS_SEARCH_USER_PATHS = NO;
				CLANG_ANALYZER_NONNULL = YES;
				CLANG_ANALYZER_NUMBER_OBJECT_CONVERSION = YES_AGGRESSIVE;
				CLANG_CXX_LANGUAGE_STANDARD = "gnu++20";
				CLANG_ENABLE_MODULES = YES;
				CLANG_ENABLE_OBJC_ARC = YES;
				CLANG_ENABLE_OBJC_WEAK = YES;
				CLANG_WARN_BLOCK_CAPTURE_AUTORELEASING = YES;
				CLANG_WARN_BOOL_CONVERSION = YES;
				CLANG_WARN_COMMA = YES;
				CLANG_WARN_CONSTANT_CONVERSION = YES;
				CLANG_WARN_DEPRECATED_OBJC_IMPLEMENTATIONS = YES;
				CLANG_WARN_DIRECT_OBJC_ISA_USAGE = YES_ERROR;
				CLANG_WARN_DOCUMENTATION_COMMENTS = YES;
				CLANG_WARN_EMPTY_BODY = YES;
				CLANG_WARN_ENUM_CONVERSION = YES;
				CLANG_WARN_INFINITE_RECURSION = YES;
				CLANG_WARN_INT_CONVERSION = YES;
				CLANG_WARN_NON_LITERAL_NULL_CONVERSION = YES;
				CLANG_WARN_OBJC_IMPLICIT_RETAIN_SELF = YES;
				CLANG_WARN_OBJC_LITERAL_CONVERSION = YES;
				CLANG_WARN_OBJC_ROOT_CLASS = YES_ERROR;
				CLANG_WARN_QUOTED_INCLUDE_IN_FRAMEWORK_HEADER = YES;
				CLANG_WARN_RANGE_LOOP_ANALYSIS = YES;
				CLANG_WARN_STRICT_PROTOTYPES = YES;
				CLANG_WARN_SUSPICIOUS_MOVE = YES;
				CLANG_WARN_UNGUARDED_AVAILABILITY = YES_AGGRESSIVE;
				CLANG_WARN_UNREACHABLE_CODE = YES;
				CLANG_WARN__DUPLICATE_METHOD_MATCH = YES;
				COPY_PHASE_STRIP = NO;
				DEBUG_INFORMATION_FORMAT = "dwarf-with-dsym";
				ENABLE_NS_ASSERTIONS = NO;
				ENABLE_STRICT_OBJC_MSGSEND = YES;
				GCC_C_LANGUAGE_STANDARD = gnu11;
				GCC_NO_COMMON_BLOCKS = YES;
				GCC_WARN_64_TO_32_BIT_CONVERSION = YES;
				GCC_WARN_ABOUT_RETURN_TYPE = YES_ERROR;
				GCC_WARN_UNDECLARED_SELECTOR = YES;
				GCC_WARN_UNINITIALIZED_AUTOS = YES_AGGRESSIVE;
				GCC_WARN_UNUSED_FUNCTION = YES;
				GCC_WARN_UNUSED_VARIABLE = YES;
				IPHONEOS_DEPLOYMENT_TARGET = 16.0;
				MTL_ENABLE_DEBUG_INFO = NO;
				MTL_FAST_MATH = YES;
				SDKROOT = iphoneos;
				SWIFT_COMPILATION_MODE = wholemodule;
				SWIFT_OPTIMIZATION_LEVEL = "-O";
				VALIDATE_PRODUCT = YES;
			};
			name = Release;
		};
		FB567F6428EC0EA400842EF0 /* Debug */ = {
			isa = XCBuildConfiguration;
			buildSettings = {
				ASSETCATALOG_COMPILER_APPICON_NAME = AppIcon;
				ASSETCATALOG_COMPILER_GLOBAL_ACCENT_COLOR_NAME = AccentColor;
				CODE_SIGN_STYLE = Automatic;
				CURRENT_PROJECT_VERSION = 1;
				GENERATE_INFOPLIST_FILE = YES;
				INFOPLIST_FILE = QuizApp/Info.plist;
				INFOPLIST_KEY_UIApplicationSupportsIndirectInputEvents = YES;
				INFOPLIST_KEY_UILaunchStoryboardName = LaunchScreen;
				INFOPLIST_KEY_UISupportedInterfaceOrientations_iPad = "UIInterfaceOrientationPortrait UIInterfaceOrientationPortraitUpsideDown UIInterfaceOrientationLandscapeLeft UIInterfaceOrientationLandscapeRight";
				INFOPLIST_KEY_UISupportedInterfaceOrientations_iPhone = "UIInterfaceOrientationPortrait UIInterfaceOrientationLandscapeLeft UIInterfaceOrientationLandscapeRight";
				LD_RUNPATH_SEARCH_PATHS = (
					"$(inherited)",
					"@executable_path/Frameworks",
				);
				MARKETING_VERSION = 1.0;
				PRODUCT_BUNDLE_IDENTIFIER = com.kosbarbara.QuizApp;
				PRODUCT_NAME = "$(TARGET_NAME)";
				SWIFT_EMIT_LOC_STRINGS = YES;
				SWIFT_VERSION = 5.0;
				TARGETED_DEVICE_FAMILY = "1,2";
			};
			name = Debug;
		};
		FB567F6528EC0EA400842EF0 /* Release */ = {
			isa = XCBuildConfiguration;
			buildSettings = {
				ASSETCATALOG_COMPILER_APPICON_NAME = AppIcon;
				ASSETCATALOG_COMPILER_GLOBAL_ACCENT_COLOR_NAME = AccentColor;
				CODE_SIGN_STYLE = Automatic;
				CURRENT_PROJECT_VERSION = 1;
				GENERATE_INFOPLIST_FILE = YES;
				INFOPLIST_FILE = QuizApp/Info.plist;
				INFOPLIST_KEY_UIApplicationSupportsIndirectInputEvents = YES;
				INFOPLIST_KEY_UILaunchStoryboardName = LaunchScreen;
				INFOPLIST_KEY_UISupportedInterfaceOrientations_iPad = "UIInterfaceOrientationPortrait UIInterfaceOrientationPortraitUpsideDown UIInterfaceOrientationLandscapeLeft UIInterfaceOrientationLandscapeRight";
				INFOPLIST_KEY_UISupportedInterfaceOrientations_iPhone = "UIInterfaceOrientationPortrait UIInterfaceOrientationLandscapeLeft UIInterfaceOrientationLandscapeRight";
				LD_RUNPATH_SEARCH_PATHS = (
					"$(inherited)",
					"@executable_path/Frameworks",
				);
				MARKETING_VERSION = 1.0;
				PRODUCT_BUNDLE_IDENTIFIER = com.kosbarbara.QuizApp;
				PRODUCT_NAME = "$(TARGET_NAME)";
				SWIFT_EMIT_LOC_STRINGS = YES;
				SWIFT_VERSION = 5.0;
				TARGETED_DEVICE_FAMILY = "1,2";
			};
			name = Release;
		};
/* End XCBuildConfiguration section */

/* Begin XCConfigurationList section */
		FB567F4A28EC0EA200842EF0 /* Build configuration list for PBXProject "QuizApp" */ = {
			isa = XCConfigurationList;
			buildConfigurations = (
				FB567F6128EC0EA400842EF0 /* Debug */,
				FB567F6228EC0EA400842EF0 /* Release */,
			);
			defaultConfigurationIsVisible = 0;
			defaultConfigurationName = Release;
		};
		FB567F6328EC0EA400842EF0 /* Build configuration list for PBXNativeTarget "QuizApp" */ = {
			isa = XCConfigurationList;
			buildConfigurations = (
				FB567F6428EC0EA400842EF0 /* Debug */,
				FB567F6528EC0EA400842EF0 /* Release */,
			);
			defaultConfigurationIsVisible = 0;
			defaultConfigurationName = Release;
		};
/* End XCConfigurationList section */

/* Begin XCRemoteSwiftPackageReference section */
		FB47246F28F0350A0027EFC7 /* XCRemoteSwiftPackageReference "Keychain.swift" */ = {
			isa = XCRemoteSwiftPackageReference;
			repositoryURL = "https://github.com/GroupeMINASTE/Keychain.swift.git";
			requirement = {
				kind = upToNextMajorVersion;
				minimumVersion = 1.0.0;
			};
		};
		FB8647CD28F829EE001AE89B /* XCRemoteSwiftPackageReference "Kingfisher" */ = {
			isa = XCRemoteSwiftPackageReference;
			repositoryURL = "https://github.com/onevcat/Kingfisher";
			requirement = {
				kind = upToNextMajorVersion;
				minimumVersion = 7.0.0;
			};
		};
		FB86481D29068A58001AE89B /* XCRemoteSwiftPackageReference "Factory" */ = {
			isa = XCRemoteSwiftPackageReference;
			repositoryURL = "https://github.com/hmlongco/Factory";
			requirement = {
				kind = upToNextMajorVersion;
				minimumVersion = 1.0.0;
			};
		};
		FBC5AB1128EC3D5800CBC98A /* XCRemoteSwiftPackageReference "SnapKit" */ = {
			isa = XCRemoteSwiftPackageReference;
			repositoryURL = "https://github.com/SnapKit/SnapKit.git";
			requirement = {
				kind = upToNextMajorVersion;
				minimumVersion = 5.0.0;
			};
		};
/* End XCRemoteSwiftPackageReference section */

/* Begin XCSwiftPackageProductDependency section */
		FB47247028F0350A0027EFC7 /* Keychain */ = {
			isa = XCSwiftPackageProductDependency;
			package = FB47246F28F0350A0027EFC7 /* XCRemoteSwiftPackageReference "Keychain.swift" */;
			productName = Keychain;
		};
		FB8647CE28F829EE001AE89B /* Kingfisher */ = {
			isa = XCSwiftPackageProductDependency;
			package = FB8647CD28F829EE001AE89B /* XCRemoteSwiftPackageReference "Kingfisher" */;
			productName = Kingfisher;
		};
		FB86481E29068A58001AE89B /* Factory */ = {
			isa = XCSwiftPackageProductDependency;
			package = FB86481D29068A58001AE89B /* XCRemoteSwiftPackageReference "Factory" */;
			productName = Factory;
		};
		FBC5AB1228EC3D5800CBC98A /* SnapKit */ = {
			isa = XCSwiftPackageProductDependency;
			package = FBC5AB1128EC3D5800CBC98A /* XCRemoteSwiftPackageReference "SnapKit" */;
			productName = SnapKit;
		};
/* End XCSwiftPackageProductDependency section */
	};
	rootObject = FB567F4728EC0EA200842EF0 /* Project object */;
}
