// !$*UTF8*$!
{
	archiveVersion = 1;
	classes = {
	};
	objectVersion = 56;
	objects = {

/* Begin PBXBuildFile section */
		FB47245428EEB6440027EFC7 /* ConstructViewsProtocol.swift in Sources */ = {isa = PBXBuildFile; fileRef = FB47245328EEB6440027EFC7 /* ConstructViewsProtocol.swift */; };
		FB47245728EEB8000027EFC7 /* AppRouterProtocol.swift in Sources */ = {isa = PBXBuildFile; fileRef = FB47245628EEB8000027EFC7 /* AppRouterProtocol.swift */; };
		FB47245928EEB8540027EFC7 /* AppRouter.swift in Sources */ = {isa = PBXBuildFile; fileRef = FB47245828EEB8540027EFC7 /* AppRouter.swift */; };
		FB47245C28EECFD80027EFC7 /* LoginClient.swift in Sources */ = {isa = PBXBuildFile; fileRef = FB47245B28EECFD80027EFC7 /* LoginClient.swift */; };
		FB47246828EF35B70027EFC7 /* LoginViewModel.swift in Sources */ = {isa = PBXBuildFile; fileRef = FB47246728EF35B70027EFC7 /* LoginViewModel.swift */; };
		FB47246C28F020C50027EFC7 /* LoginUseCase.swift in Sources */ = {isa = PBXBuildFile; fileRef = FB47246B28F020C50027EFC7 /* LoginUseCase.swift */; };
		FB47246E28F034C90027EFC7 /* SecureStorage.swift in Sources */ = {isa = PBXBuildFile; fileRef = FB47246D28F034C90027EFC7 /* SecureStorage.swift */; };
		FB47247128F0350A0027EFC7 /* Keychain in Frameworks */ = {isa = PBXBuildFile; productRef = FB47247028F0350A0027EFC7 /* Keychain */; };
		FB47247528F03BD20027EFC7 /* UserViewController.swift in Sources */ = {isa = PBXBuildFile; fileRef = FB47247428F03BD20027EFC7 /* UserViewController.swift */; };
		FB567F5328EC0EA200842EF0 /* AppDelegate.swift in Sources */ = {isa = PBXBuildFile; fileRef = FB567F5228EC0EA200842EF0 /* AppDelegate.swift */; };
		FB567F5528EC0EA200842EF0 /* SceneDelegate.swift in Sources */ = {isa = PBXBuildFile; fileRef = FB567F5428EC0EA200842EF0 /* SceneDelegate.swift */; };
		FB567F5728EC0EA200842EF0 /* LoginViewController.swift in Sources */ = {isa = PBXBuildFile; fileRef = FB567F5628EC0EA200842EF0 /* LoginViewController.swift */; };
		FB567F5C28EC0EA400842EF0 /* Assets.xcassets in Resources */ = {isa = PBXBuildFile; fileRef = FB567F5B28EC0EA400842EF0 /* Assets.xcassets */; };
		FB567F5F28EC0EA400842EF0 /* LaunchScreen.storyboard in Resources */ = {isa = PBXBuildFile; fileRef = FB567F5D28EC0EA400842EF0 /* LaunchScreen.storyboard */; };
		FB567F6828EC29FA00842EF0 /* .swiftlint.yml in Resources */ = {isa = PBXBuildFile; fileRef = FB567F6728EC29FA00842EF0 /* .swiftlint.yml */; };
		FB8647C028F7FE98001AE89B /* UserRequestModel.swift in Sources */ = {isa = PBXBuildFile; fileRef = FB8647BF28F7FE98001AE89B /* UserRequestModel.swift */; };
		FB8647C228F807E9001AE89B /* QuizViewModel.swift in Sources */ = {isa = PBXBuildFile; fileRef = FB8647C128F807E9001AE89B /* QuizViewModel.swift */; };
		FB8647CC28F82156001AE89B /* QuizListCollectionViewCell.swift in Sources */ = {isa = PBXBuildFile; fileRef = FB8647CB28F82156001AE89B /* QuizListCollectionViewCell.swift */; };
		FB8647CF28F829EE001AE89B /* Kingfisher in Frameworks */ = {isa = PBXBuildFile; productRef = FB8647CE28F829EE001AE89B /* Kingfisher */; };
		FB8647D128F82C5A001AE89B /* QuizModel.swift in Sources */ = {isa = PBXBuildFile; fileRef = FB8647D028F82C5A001AE89B /* QuizModel.swift */; };
		FB8647D328F98E69001AE89B /* AppDependencies.swift in Sources */ = {isa = PBXBuildFile; fileRef = FB8647D228F98E69001AE89B /* AppDependencies.swift */; };
		FB8647D528FE99D7001AE89B /* QuizUseCase.swift in Sources */ = {isa = PBXBuildFile; fileRef = FB8647D428FE99D7001AE89B /* QuizUseCase.swift */; };
		FB8647D728FE9AAA001AE89B /* QuizDataSource.swift in Sources */ = {isa = PBXBuildFile; fileRef = FB8647D628FE9AAA001AE89B /* QuizDataSource.swift */; };
		FB8647D928FE9B02001AE89B /* QuizClient.swift in Sources */ = {isa = PBXBuildFile; fileRef = FB8647D828FE9B02001AE89B /* QuizClient.swift */; };
		FB8647DB29000D01001AE89B /* DifficultyView.swift in Sources */ = {isa = PBXBuildFile; fileRef = FB8647DA29000D01001AE89B /* DifficultyView.swift */; };
		FB8647E1290025E4001AE89B /* DifficultyEnum.swift in Sources */ = {isa = PBXBuildFile; fileRef = FB8647E0290025E4001AE89B /* DifficultyEnum.swift */; };
		FB8648002902B8D6001AE89B /* CategorySection.swift in Sources */ = {isa = PBXBuildFile; fileRef = FB8647FF2902B8D6001AE89B /* CategorySection.swift */; };
		FB8648282907BE46001AE89B /* SectionHeaderReusableView.swift in Sources */ = {isa = PBXBuildFile; fileRef = FB8648272907BE46001AE89B /* SectionHeaderReusableView.swift */; };
		FB86483E2907C7BB001AE89B /* NoQuizErrorView.swift in Sources */ = {isa = PBXBuildFile; fileRef = FB86483D2907C7BB001AE89B /* NoQuizErrorView.swift */; };
		FBC5AB1328EC3D5800CBC98A /* SnapKit in Frameworks */ = {isa = PBXBuildFile; productRef = FBC5AB1228EC3D5800CBC98A /* SnapKit */; };
		FBC65C2728F5582C0045F87B /* TabBarController.swift in Sources */ = {isa = PBXBuildFile; fileRef = FBC65C2628F5582C0045F87B /* TabBarController.swift */; };
		FBC65C2928F558B00045F87B /* QuizViewController.swift in Sources */ = {isa = PBXBuildFile; fileRef = FBC65C2828F558B00045F87B /* QuizViewController.swift */; };
		FBC65C2D28F55BDF0045F87B /* UserViewModel.swift in Sources */ = {isa = PBXBuildFile; fileRef = FBC65C2C28F55BDF0045F87B /* UserViewModel.swift */; };
		FBC65C2F28F56F360045F87B /* UserUseCase.swift in Sources */ = {isa = PBXBuildFile; fileRef = FBC65C2E28F56F360045F87B /* UserUseCase.swift */; };
		FBC65C3128F6A9370045F87B /* UserDataSource.swift in Sources */ = {isa = PBXBuildFile; fileRef = FBC65C3028F6A9370045F87B /* UserDataSource.swift */; };
		FBC65C3328F6A9540045F87B /* UserClient.swift in Sources */ = {isa = PBXBuildFile; fileRef = FBC65C3228F6A9540045F87B /* UserClient.swift */; };
		FBC65C3628F6D1A40045F87B /* LoginRequestModel.swift in Sources */ = {isa = PBXBuildFile; fileRef = FBC65C3528F6D1A40045F87B /* LoginRequestModel.swift */; };
		FBC65C3828F6D1BE0045F87B /* LoginResponseModel.swift in Sources */ = {isa = PBXBuildFile; fileRef = FBC65C3728F6D1BE0045F87B /* LoginResponseModel.swift */; };
		FBC65C3A28F6D1FA0045F87B /* RequestError.swift in Sources */ = {isa = PBXBuildFile; fileRef = FBC65C3928F6D1FA0045F87B /* RequestError.swift */; };
		FBC65C3C28F6F12A0045F87B /* UserResponseModel.swift in Sources */ = {isa = PBXBuildFile; fileRef = FBC65C3B28F6F12A0045F87B /* UserResponseModel.swift */; };
		FBC65C3E28F6F3130045F87B /* ApiClient.swift in Sources */ = {isa = PBXBuildFile; fileRef = FBC65C3D28F6F3130045F87B /* ApiClient.swift */; };
		FBC65C4128F714070045F87B /* LoginDataSource.swift in Sources */ = {isa = PBXBuildFile; fileRef = FBC65C4028F714070045F87B /* LoginDataSource.swift */; };
/* End PBXBuildFile section */

/* Begin PBXFileReference section */
		FB47245328EEB6440027EFC7 /* ConstructViewsProtocol.swift */ = {isa = PBXFileReference; lastKnownFileType = sourcecode.swift; path = ConstructViewsProtocol.swift; sourceTree = "<group>"; };
		FB47245628EEB8000027EFC7 /* AppRouterProtocol.swift */ = {isa = PBXFileReference; lastKnownFileType = sourcecode.swift; path = AppRouterProtocol.swift; sourceTree = "<group>"; };
		FB47245828EEB8540027EFC7 /* AppRouter.swift */ = {isa = PBXFileReference; lastKnownFileType = sourcecode.swift; path = AppRouter.swift; sourceTree = "<group>"; };
		FB47245B28EECFD80027EFC7 /* LoginClient.swift */ = {isa = PBXFileReference; lastKnownFileType = sourcecode.swift; path = LoginClient.swift; sourceTree = "<group>"; };
		FB47246728EF35B70027EFC7 /* LoginViewModel.swift */ = {isa = PBXFileReference; lastKnownFileType = sourcecode.swift; path = LoginViewModel.swift; sourceTree = "<group>"; };
		FB47246B28F020C50027EFC7 /* LoginUseCase.swift */ = {isa = PBXFileReference; lastKnownFileType = sourcecode.swift; path = LoginUseCase.swift; sourceTree = "<group>"; };
		FB47246D28F034C90027EFC7 /* SecureStorage.swift */ = {isa = PBXFileReference; lastKnownFileType = sourcecode.swift; path = SecureStorage.swift; sourceTree = "<group>"; };
		FB47247428F03BD20027EFC7 /* UserViewController.swift */ = {isa = PBXFileReference; lastKnownFileType = sourcecode.swift; path = UserViewController.swift; sourceTree = "<group>"; };
		FB567F4F28EC0EA200842EF0 /* QuizApp.app */ = {isa = PBXFileReference; explicitFileType = wrapper.application; includeInIndex = 0; path = QuizApp.app; sourceTree = BUILT_PRODUCTS_DIR; };
		FB567F5228EC0EA200842EF0 /* AppDelegate.swift */ = {isa = PBXFileReference; lastKnownFileType = sourcecode.swift; path = AppDelegate.swift; sourceTree = "<group>"; };
		FB567F5428EC0EA200842EF0 /* SceneDelegate.swift */ = {isa = PBXFileReference; lastKnownFileType = sourcecode.swift; path = SceneDelegate.swift; sourceTree = "<group>"; };
		FB567F5628EC0EA200842EF0 /* LoginViewController.swift */ = {isa = PBXFileReference; lastKnownFileType = sourcecode.swift; path = LoginViewController.swift; sourceTree = "<group>"; };
		FB567F5B28EC0EA400842EF0 /* Assets.xcassets */ = {isa = PBXFileReference; lastKnownFileType = folder.assetcatalog; path = Assets.xcassets; sourceTree = "<group>"; };
		FB567F5E28EC0EA400842EF0 /* Base */ = {isa = PBXFileReference; lastKnownFileType = file.storyboard; name = Base; path = Base.lproj/LaunchScreen.storyboard; sourceTree = "<group>"; };
		FB567F6028EC0EA400842EF0 /* Info.plist */ = {isa = PBXFileReference; lastKnownFileType = text.plist.xml; path = Info.plist; sourceTree = "<group>"; };
		FB567F6728EC29FA00842EF0 /* .swiftlint.yml */ = {isa = PBXFileReference; lastKnownFileType = text.yaml; path = .swiftlint.yml; sourceTree = "<group>"; };
		FB8647BF28F7FE98001AE89B /* UserRequestModel.swift */ = {isa = PBXFileReference; lastKnownFileType = sourcecode.swift; path = UserRequestModel.swift; sourceTree = "<group>"; };
		FB8647C128F807E9001AE89B /* QuizViewModel.swift */ = {isa = PBXFileReference; lastKnownFileType = sourcecode.swift; path = QuizViewModel.swift; sourceTree = "<group>"; };
		FB8647CB28F82156001AE89B /* QuizListCollectionViewCell.swift */ = {isa = PBXFileReference; lastKnownFileType = sourcecode.swift; path = QuizListCollectionViewCell.swift; sourceTree = "<group>"; };
		FB8647D028F82C5A001AE89B /* QuizModel.swift */ = {isa = PBXFileReference; lastKnownFileType = sourcecode.swift; path = QuizModel.swift; sourceTree = "<group>"; };
		FB8647D228F98E69001AE89B /* AppDependencies.swift */ = {isa = PBXFileReference; lastKnownFileType = sourcecode.swift; path = AppDependencies.swift; sourceTree = "<group>"; };
		FB8647D428FE99D7001AE89B /* QuizUseCase.swift */ = {isa = PBXFileReference; lastKnownFileType = sourcecode.swift; path = QuizUseCase.swift; sourceTree = "<group>"; };
		FB8647D628FE9AAA001AE89B /* QuizDataSource.swift */ = {isa = PBXFileReference; lastKnownFileType = sourcecode.swift; path = QuizDataSource.swift; sourceTree = "<group>"; };
		FB8647D828FE9B02001AE89B /* QuizClient.swift */ = {isa = PBXFileReference; lastKnownFileType = sourcecode.swift; path = QuizClient.swift; sourceTree = "<group>"; };
		FB8647DA29000D01001AE89B /* DifficultyView.swift */ = {isa = PBXFileReference; lastKnownFileType = sourcecode.swift; path = DifficultyView.swift; sourceTree = "<group>"; };
		FB8647E0290025E4001AE89B /* DifficultyEnum.swift */ = {isa = PBXFileReference; lastKnownFileType = sourcecode.swift; path = DifficultyEnum.swift; sourceTree = "<group>"; };
		FB8647FF2902B8D6001AE89B /* CategorySection.swift */ = {isa = PBXFileReference; lastKnownFileType = sourcecode.swift; path = CategorySection.swift; sourceTree = "<group>"; };
		FB8648272907BE46001AE89B /* SectionHeaderReusableView.swift */ = {isa = PBXFileReference; lastKnownFileType = sourcecode.swift; path = SectionHeaderReusableView.swift; sourceTree = "<group>"; };
		FB86483D2907C7BB001AE89B /* NoQuizErrorView.swift */ = {isa = PBXFileReference; lastKnownFileType = sourcecode.swift; path = NoQuizErrorView.swift; sourceTree = "<group>"; };
		FBC65C2628F5582C0045F87B /* TabBarController.swift */ = {isa = PBXFileReference; lastKnownFileType = sourcecode.swift; path = TabBarController.swift; sourceTree = "<group>"; };
		FBC65C2828F558B00045F87B /* QuizViewController.swift */ = {isa = PBXFileReference; lastKnownFileType = sourcecode.swift; path = QuizViewController.swift; sourceTree = "<group>"; };
		FBC65C2C28F55BDF0045F87B /* UserViewModel.swift */ = {isa = PBXFileReference; lastKnownFileType = sourcecode.swift; path = UserViewModel.swift; sourceTree = "<group>"; };
		FBC65C2E28F56F360045F87B /* UserUseCase.swift */ = {isa = PBXFileReference; lastKnownFileType = sourcecode.swift; path = UserUseCase.swift; sourceTree = "<group>"; };
		FBC65C3028F6A9370045F87B /* UserDataSource.swift */ = {isa = PBXFileReference; lastKnownFileType = sourcecode.swift; path = UserDataSource.swift; sourceTree = "<group>"; };
		FBC65C3228F6A9540045F87B /* UserClient.swift */ = {isa = PBXFileReference; lastKnownFileType = sourcecode.swift; path = UserClient.swift; sourceTree = "<group>"; };
		FBC65C3528F6D1A40045F87B /* LoginRequestModel.swift */ = {isa = PBXFileReference; lastKnownFileType = sourcecode.swift; path = LoginRequestModel.swift; sourceTree = "<group>"; };
		FBC65C3728F6D1BE0045F87B /* LoginResponseModel.swift */ = {isa = PBXFileReference; lastKnownFileType = sourcecode.swift; path = LoginResponseModel.swift; sourceTree = "<group>"; };
		FBC65C3928F6D1FA0045F87B /* RequestError.swift */ = {isa = PBXFileReference; lastKnownFileType = sourcecode.swift; path = RequestError.swift; sourceTree = "<group>"; };
		FBC65C3B28F6F12A0045F87B /* UserResponseModel.swift */ = {isa = PBXFileReference; lastKnownFileType = sourcecode.swift; path = UserResponseModel.swift; sourceTree = "<group>"; };
		FBC65C3D28F6F3130045F87B /* ApiClient.swift */ = {isa = PBXFileReference; lastKnownFileType = sourcecode.swift; path = ApiClient.swift; sourceTree = "<group>"; };
		FBC65C4028F714070045F87B /* LoginDataSource.swift */ = {isa = PBXFileReference; lastKnownFileType = sourcecode.swift; path = LoginDataSource.swift; sourceTree = "<group>"; };
/* End PBXFileReference section */

/* Begin PBXFrameworksBuildPhase section */
		FB567F4C28EC0EA200842EF0 /* Frameworks */ = {
			isa = PBXFrameworksBuildPhase;
			buildActionMask = 2147483647;
			files = (
				FB8647CF28F829EE001AE89B /* Kingfisher in Frameworks */,
				FB47247128F0350A0027EFC7 /* Keychain in Frameworks */,
				FBC5AB1328EC3D5800CBC98A /* SnapKit in Frameworks */,
			);
			runOnlyForDeploymentPostprocessing = 0;
		};
/* End PBXFrameworksBuildPhase section */

/* Begin PBXGroup section */
		FB47245228EEB6190027EFC7 /* Extensions */ = {
			isa = PBXGroup;
			children = (
				FB47245328EEB6440027EFC7 /* ConstructViewsProtocol.swift */,
			);
			path = Extensions;
			sourceTree = "<group>";
		};
		FB47245528EEB7EA0027EFC7 /* AppRouter */ = {
			isa = PBXGroup;
			children = (
				FB47245628EEB8000027EFC7 /* AppRouterProtocol.swift */,
				FB47245828EEB8540027EFC7 /* AppRouter.swift */,
			);
			path = AppRouter;
			sourceTree = "<group>";
		};
		FB47245A28EECFAD0027EFC7 /* Login */ = {
			isa = PBXGroup;
			children = (
				FB86482E2907C185001AE89B /* Client */,
				FB86482D2907C17B001AE89B /* DataSource */,
				FB86482C2907C172001AE89B /* Models */,
				FB86482B2907C168001AE89B /* UseCase */,
				FB86482A2907C158001AE89B /* ViewControllers */,
				FB8648292907C147001AE89B /* ViewModel */,
			);
			path = Login;
			sourceTree = "<group>";
		};
		FB47247228F0385E0027EFC7 /* TokenStorage */ = {
			isa = PBXGroup;
			children = (
				FB47246D28F034C90027EFC7 /* SecureStorage.swift */,
			);
			path = TokenStorage;
			sourceTree = "<group>";
		};
		FB47247328F03BB50027EFC7 /* User */ = {
			isa = PBXGroup;
			children = (
				FB8648342907C20E001AE89B /* Client */,
				FB8648332907C207001AE89B /* DataSource */,
				FB8648322907C1FF001AE89B /* Models */,
				FB8648312907C1F6001AE89B /* UseCase */,
				FB8648302907C1EE001AE89B /* ViewControllers */,
				FB86482F2907C1CB001AE89B /* ViewModel */,
			);
			path = User;
			sourceTree = "<group>";
		};
		FB567F4628EC0EA200842EF0 = {
			isa = PBXGroup;
			children = (
				FB567F5128EC0EA200842EF0 /* QuizApp */,
				FB567F5028EC0EA200842EF0 /* Products */,
			);
			sourceTree = "<group>";
		};
		FB567F5028EC0EA200842EF0 /* Products */ = {
			isa = PBXGroup;
			children = (
				FB567F4F28EC0EA200842EF0 /* QuizApp.app */,
			);
			name = Products;
			sourceTree = "<group>";
		};
		FB567F5128EC0EA200842EF0 /* QuizApp */ = {
			isa = PBXGroup;
			children = (
				FBC65C3D28F6F3130045F87B /* ApiClient.swift */,
				FB8647D228F98E69001AE89B /* AppDependencies.swift */,
				FBC65C3428F6D1880045F87B /* Enums */,
				FB47245528EEB7EA0027EFC7 /* AppRouter */,
				FB47245A28EECFAD0027EFC7 /* Login */,
				FB47247328F03BB50027EFC7 /* User */,
				FBC65C3F28F6F5420045F87B /* Quiz */,
				FB47247228F0385E0027EFC7 /* TokenStorage */,
				FB47245228EEB6190027EFC7 /* Extensions */,
				FB567F5228EC0EA200842EF0 /* AppDelegate.swift */,
				FB567F5428EC0EA200842EF0 /* SceneDelegate.swift */,
				FBC65C2628F5582C0045F87B /* TabBarController.swift */,
				FB567F5B28EC0EA400842EF0 /* Assets.xcassets */,
				FB567F5D28EC0EA400842EF0 /* LaunchScreen.storyboard */,
				FB567F6028EC0EA400842EF0 /* Info.plist */,
				FB567F6728EC29FA00842EF0 /* .swiftlint.yml */,
			);
			path = QuizApp;
			sourceTree = "<group>";
		};
		FB8648292907C147001AE89B /* ViewModel */ = {
			isa = PBXGroup;
			children = (
				FB47246728EF35B70027EFC7 /* LoginViewModel.swift */,
			);
			path = ViewModel;
			sourceTree = "<group>";
		};
		FB86482A2907C158001AE89B /* ViewControllers */ = {
			isa = PBXGroup;
			children = (
				FB567F5628EC0EA200842EF0 /* LoginViewController.swift */,
			);
			path = ViewControllers;
			sourceTree = "<group>";
		};
		FB86482B2907C168001AE89B /* UseCase */ = {
			isa = PBXGroup;
			children = (
				FB47246B28F020C50027EFC7 /* LoginUseCase.swift */,
			);
			path = UseCase;
			sourceTree = "<group>";
		};
		FB86482C2907C172001AE89B /* Models */ = {
			isa = PBXGroup;
			children = (
				FBC65C3528F6D1A40045F87B /* LoginRequestModel.swift */,
				FBC65C3728F6D1BE0045F87B /* LoginResponseModel.swift */,
			);
			path = Models;
			sourceTree = "<group>";
		};
		FB86482D2907C17B001AE89B /* DataSource */ = {
			isa = PBXGroup;
			children = (
				FBC65C4028F714070045F87B /* LoginDataSource.swift */,
			);
			path = DataSource;
			sourceTree = "<group>";
		};
		FB86482E2907C185001AE89B /* Client */ = {
			isa = PBXGroup;
			children = (
				FB47245B28EECFD80027EFC7 /* LoginClient.swift */,
			);
			path = Client;
			sourceTree = "<group>";
		};
		FB86482F2907C1CB001AE89B /* ViewModel */ = {
			isa = PBXGroup;
			children = (
				FBC65C2C28F55BDF0045F87B /* UserViewModel.swift */,
			);
			path = ViewModel;
			sourceTree = "<group>";
		};
		FB8648302907C1EE001AE89B /* ViewControllers */ = {
			isa = PBXGroup;
			children = (
				FB47247428F03BD20027EFC7 /* UserViewController.swift */,
			);
			path = ViewControllers;
			sourceTree = "<group>";
		};
		FB8648312907C1F6001AE89B /* UseCase */ = {
			isa = PBXGroup;
			children = (
				FBC65C2E28F56F360045F87B /* UserUseCase.swift */,
			);
			path = UseCase;
			sourceTree = "<group>";
		};
		FB8648322907C1FF001AE89B /* Models */ = {
			isa = PBXGroup;
			children = (
				FB8647BF28F7FE98001AE89B /* UserRequestModel.swift */,
				FBC65C3B28F6F12A0045F87B /* UserResponseModel.swift */,
			);
			path = Models;
			sourceTree = "<group>";
		};
		FB8648332907C207001AE89B /* DataSource */ = {
			isa = PBXGroup;
			children = (
				FBC65C3028F6A9370045F87B /* UserDataSource.swift */,
			);
			path = DataSource;
			sourceTree = "<group>";
		};
		FB8648342907C20E001AE89B /* Client */ = {
			isa = PBXGroup;
			children = (
				FBC65C3228F6A9540045F87B /* UserClient.swift */,
			);
			path = Client;
			sourceTree = "<group>";
		};
		FB8648362907C250001AE89B /* Views */ = {
			isa = PBXGroup;
			children = (
				FB8647DA29000D01001AE89B /* DifficultyView.swift */,
				FB86483D2907C7BB001AE89B /* NoQuizErrorView.swift */,
				FB8647CB28F82156001AE89B /* QuizListCollectionViewCell.swift */,
				FB8648272907BE46001AE89B /* SectionHeaderReusableView.swift */,
			);
			path = Views;
			sourceTree = "<group>";
		};
		FB8648372907C257001AE89B /* ViewModel */ = {
			isa = PBXGroup;
			children = (
				FB8647C128F807E9001AE89B /* QuizViewModel.swift */,
			);
			path = ViewModel;
			sourceTree = "<group>";
		};
		FB8648382907C25E001AE89B /* ViewControllers */ = {
			isa = PBXGroup;
			children = (
				FBC65C2828F558B00045F87B /* QuizViewController.swift */,
			);
			path = ViewControllers;
			sourceTree = "<group>";
		};
		FB8648392907C267001AE89B /* UseCase */ = {
			isa = PBXGroup;
			children = (
				FB8647D428FE99D7001AE89B /* QuizUseCase.swift */,
			);
			path = UseCase;
			sourceTree = "<group>";
		};
		FB86483A2907C26E001AE89B /* Models */ = {
			isa = PBXGroup;
			children = (
				FB8647FF2902B8D6001AE89B /* CategorySection.swift */,
				FB8647E0290025E4001AE89B /* DifficultyEnum.swift */,
				FB8647D028F82C5A001AE89B /* QuizModel.swift */,
			);
			path = Models;
			sourceTree = "<group>";
		};
		FB86483B2907C274001AE89B /* DataSource */ = {
			isa = PBXGroup;
			children = (
				FB8647D628FE9AAA001AE89B /* QuizDataSource.swift */,
			);
			path = DataSource;
			sourceTree = "<group>";
		};
		FB86483C2907C283001AE89B /* Client */ = {
			isa = PBXGroup;
			children = (
				FB8647D828FE9B02001AE89B /* QuizClient.swift */,
			);
			path = Client;
			sourceTree = "<group>";
		};
		FBC65C3428F6D1880045F87B /* Enums */ = {
			isa = PBXGroup;
			children = (
				FBC65C3928F6D1FA0045F87B /* RequestError.swift */,
			);
			path = Enums;
			sourceTree = "<group>";
		};
		FBC65C3F28F6F5420045F87B /* Quiz */ = {
			isa = PBXGroup;
			children = (
				FB86483C2907C283001AE89B /* Client */,
				FB86483B2907C274001AE89B /* DataSource */,
				FB86483A2907C26E001AE89B /* Models */,
				FB8648392907C267001AE89B /* UseCase */,
				FB8648382907C25E001AE89B /* ViewControllers */,
				FB8648372907C257001AE89B /* ViewModel */,
				FB8648362907C250001AE89B /* Views */,
			);
			path = Quiz;
			sourceTree = "<group>";
		};
/* End PBXGroup section */

/* Begin PBXNativeTarget section */
		FB567F4E28EC0EA200842EF0 /* QuizApp */ = {
			isa = PBXNativeTarget;
			buildConfigurationList = FB567F6328EC0EA400842EF0 /* Build configuration list for PBXNativeTarget "QuizApp" */;
			buildPhases = (
				FB567F4B28EC0EA200842EF0 /* Sources */,
				FB567F4C28EC0EA200842EF0 /* Frameworks */,
				FB567F4D28EC0EA200842EF0 /* Resources */,
				FB567F6628EC265300842EF0 /* ShellScript */,
			);
			buildRules = (
			);
			dependencies = (
			);
			name = QuizApp;
			packageProductDependencies = (
				FBC5AB1228EC3D5800CBC98A /* SnapKit */,
				FB47247028F0350A0027EFC7 /* Keychain */,
				FB8647CE28F829EE001AE89B /* Kingfisher */,
			);
			productName = QuizApp;
			productReference = FB567F4F28EC0EA200842EF0 /* QuizApp.app */;
			productType = "com.apple.product-type.application";
		};
/* End PBXNativeTarget section */

/* Begin PBXProject section */
		FB567F4728EC0EA200842EF0 /* Project object */ = {
			isa = PBXProject;
			attributes = {
				BuildIndependentTargetsInParallel = 1;
				LastSwiftUpdateCheck = 1400;
				LastUpgradeCheck = 1400;
				TargetAttributes = {
					FB567F4E28EC0EA200842EF0 = {
						CreatedOnToolsVersion = 14.0.1;
					};
				};
			};
			buildConfigurationList = FB567F4A28EC0EA200842EF0 /* Build configuration list for PBXProject "QuizApp" */;
			compatibilityVersion = "Xcode 14.0";
			developmentRegion = en;
			hasScannedForEncodings = 0;
			knownRegions = (
				en,
				Base,
			);
			mainGroup = FB567F4628EC0EA200842EF0;
			packageReferences = (
				FBC5AB1128EC3D5800CBC98A /* XCRemoteSwiftPackageReference "SnapKit" */,
				FB47246F28F0350A0027EFC7 /* XCRemoteSwiftPackageReference "Keychain.swift" */,
				FB8647CD28F829EE001AE89B /* XCRemoteSwiftPackageReference "Kingfisher" */,
			);
			productRefGroup = FB567F5028EC0EA200842EF0 /* Products */;
			projectDirPath = "";
			projectRoot = "";
			targets = (
				FB567F4E28EC0EA200842EF0 /* QuizApp */,
			);
		};
/* End PBXProject section */

/* Begin PBXResourcesBuildPhase section */
		FB567F4D28EC0EA200842EF0 /* Resources */ = {
			isa = PBXResourcesBuildPhase;
			buildActionMask = 2147483647;
			files = (
				FB567F6828EC29FA00842EF0 /* .swiftlint.yml in Resources */,
				FB567F5F28EC0EA400842EF0 /* LaunchScreen.storyboard in Resources */,
				FB567F5C28EC0EA400842EF0 /* Assets.xcassets in Resources */,
			);
			runOnlyForDeploymentPostprocessing = 0;
		};
/* End PBXResourcesBuildPhase section */

/* Begin PBXShellScriptBuildPhase section */
		FB567F6628EC265300842EF0 /* ShellScript */ = {
			isa = PBXShellScriptBuildPhase;
			buildActionMask = 2147483647;
			files = (
			);
			inputFileListPaths = (
			);
			inputPaths = (
			);
			outputFileListPaths = (
			);
			outputPaths = (
			);
			runOnlyForDeploymentPostprocessing = 0;
			shellPath = /bin/sh;
			shellScript = "if which swiftlint >/dev/null; then\n  swiftlint\nelse\n  echo \"warning: SwiftLint not installed, download from https://github.com/realm/SwiftLint\"\nfi\n";
		};
/* End PBXShellScriptBuildPhase section */

/* Begin PBXSourcesBuildPhase section */
		FB567F4B28EC0EA200842EF0 /* Sources */ = {
			isa = PBXSourcesBuildPhase;
			buildActionMask = 2147483647;
			files = (
				FB8647CC28F82156001AE89B /* QuizListCollectionViewCell.swift in Sources */,
				FB47246E28F034C90027EFC7 /* SecureStorage.swift in Sources */,
				FB47247528F03BD20027EFC7 /* UserViewController.swift in Sources */,
				FB8648002902B8D6001AE89B /* CategorySection.swift in Sources */,
				FB47245428EEB6440027EFC7 /* ConstructViewsProtocol.swift in Sources */,
				FB8647D128F82C5A001AE89B /* QuizModel.swift in Sources */,
				FB8647E1290025E4001AE89B /* DifficultyEnum.swift in Sources */,
				FB8647C228F807E9001AE89B /* QuizViewModel.swift in Sources */,
				FB567F5728EC0EA200842EF0 /* LoginViewController.swift in Sources */,
				FBC65C3128F6A9370045F87B /* UserDataSource.swift in Sources */,
				FB47245928EEB8540027EFC7 /* AppRouter.swift in Sources */,
				FBC65C3628F6D1A40045F87B /* LoginRequestModel.swift in Sources */,
				FB8647DB29000D01001AE89B /* DifficultyView.swift in Sources */,
				FB567F5328EC0EA200842EF0 /* AppDelegate.swift in Sources */,
				FBC65C2928F558B00045F87B /* QuizViewController.swift in Sources */,
				FB86483E2907C7BB001AE89B /* NoQuizErrorView.swift in Sources */,
				FBC65C4128F714070045F87B /* LoginDataSource.swift in Sources */,
				FB47245C28EECFD80027EFC7 /* LoginClient.swift in Sources */,
				FBC65C3828F6D1BE0045F87B /* LoginResponseModel.swift in Sources */,
				FBC65C3E28F6F3130045F87B /* ApiClient.swift in Sources */,
				FB567F5528EC0EA200842EF0 /* SceneDelegate.swift in Sources */,
				FB8647C028F7FE98001AE89B /* UserRequestModel.swift in Sources */,
				FBC65C3328F6A9540045F87B /* UserClient.swift in Sources */,
				FB8647D728FE9AAA001AE89B /* QuizDataSource.swift in Sources */,
				FB47245728EEB8000027EFC7 /* AppRouterProtocol.swift in Sources */,
				FB8647D928FE9B02001AE89B /* QuizClient.swift in Sources */,
				FBC65C2728F5582C0045F87B /* TabBarController.swift in Sources */,
				FB8647D328F98E69001AE89B /* AppDependencies.swift in Sources */,
				FBC65C3A28F6D1FA0045F87B /* RequestError.swift in Sources */,
				FBC65C2F28F56F360045F87B /* UserUseCase.swift in Sources */,
				FBC65C3C28F6F12A0045F87B /* UserResponseModel.swift in Sources */,
				FB8647D528FE99D7001AE89B /* QuizUseCase.swift in Sources */,
				FB8648282907BE46001AE89B /* SectionHeaderReusableView.swift in Sources */,
				FBC65C2D28F55BDF0045F87B /* UserViewModel.swift in Sources */,
				FB47246828EF35B70027EFC7 /* LoginViewModel.swift in Sources */,
				FB47246C28F020C50027EFC7 /* LoginUseCase.swift in Sources */,
			);
			runOnlyForDeploymentPostprocessing = 0;
		};
/* End PBXSourcesBuildPhase section */

/* Begin PBXVariantGroup section */
		FB567F5D28EC0EA400842EF0 /* LaunchScreen.storyboard */ = {
			isa = PBXVariantGroup;
			children = (
				FB567F5E28EC0EA400842EF0 /* Base */,
			);
			name = LaunchScreen.storyboard;
			sourceTree = "<group>";
		};
/* End PBXVariantGroup section */

/* Begin XCBuildConfiguration section */
		FB567F6128EC0EA400842EF0 /* Debug */ = {
			isa = XCBuildConfiguration;
			buildSettings = {
				ALWAYS_SEARCH_USER_PATHS = NO;
				CLANG_ANALYZER_NONNULL = YES;
				CLANG_ANALYZER_NUMBER_OBJECT_CONVERSION = YES_AGGRESSIVE;
				CLANG_CXX_LANGUAGE_STANDARD = "gnu++20";
				CLANG_ENABLE_MODULES = YES;
				CLANG_ENABLE_OBJC_ARC = YES;
				CLANG_ENABLE_OBJC_WEAK = YES;
				CLANG_WARN_BLOCK_CAPTURE_AUTORELEASING = YES;
				CLANG_WARN_BOOL_CONVERSION = YES;
				CLANG_WARN_COMMA = YES;
				CLANG_WARN_CONSTANT_CONVERSION = YES;
				CLANG_WARN_DEPRECATED_OBJC_IMPLEMENTATIONS = YES;
				CLANG_WARN_DIRECT_OBJC_ISA_USAGE = YES_ERROR;
				CLANG_WARN_DOCUMENTATION_COMMENTS = YES;
				CLANG_WARN_EMPTY_BODY = YES;
				CLANG_WARN_ENUM_CONVERSION = YES;
				CLANG_WARN_INFINITE_RECURSION = YES;
				CLANG_WARN_INT_CONVERSION = YES;
				CLANG_WARN_NON_LITERAL_NULL_CONVERSION = YES;
				CLANG_WARN_OBJC_IMPLICIT_RETAIN_SELF = YES;
				CLANG_WARN_OBJC_LITERAL_CONVERSION = YES;
				CLANG_WARN_OBJC_ROOT_CLASS = YES_ERROR;
				CLANG_WARN_QUOTED_INCLUDE_IN_FRAMEWORK_HEADER = YES;
				CLANG_WARN_RANGE_LOOP_ANALYSIS = YES;
				CLANG_WARN_STRICT_PROTOTYPES = YES;
				CLANG_WARN_SUSPICIOUS_MOVE = YES;
				CLANG_WARN_UNGUARDED_AVAILABILITY = YES_AGGRESSIVE;
				CLANG_WARN_UNREACHABLE_CODE = YES;
				CLANG_WARN__DUPLICATE_METHOD_MATCH = YES;
				COPY_PHASE_STRIP = NO;
				DEBUG_INFORMATION_FORMAT = dwarf;
				ENABLE_STRICT_OBJC_MSGSEND = YES;
				ENABLE_TESTABILITY = YES;
				GCC_C_LANGUAGE_STANDARD = gnu11;
				GCC_DYNAMIC_NO_PIC = NO;
				GCC_NO_COMMON_BLOCKS = YES;
				GCC_OPTIMIZATION_LEVEL = 0;
				GCC_PREPROCESSOR_DEFINITIONS = (
					"DEBUG=1",
					"$(inherited)",
				);
				GCC_WARN_64_TO_32_BIT_CONVERSION = YES;
				GCC_WARN_ABOUT_RETURN_TYPE = YES_ERROR;
				GCC_WARN_UNDECLARED_SELECTOR = YES;
				GCC_WARN_UNINITIALIZED_AUTOS = YES_AGGRESSIVE;
				GCC_WARN_UNUSED_FUNCTION = YES;
				GCC_WARN_UNUSED_VARIABLE = YES;
				IPHONEOS_DEPLOYMENT_TARGET = 16.0;
				MTL_ENABLE_DEBUG_INFO = INCLUDE_SOURCE;
				MTL_FAST_MATH = YES;
				ONLY_ACTIVE_ARCH = YES;
				SDKROOT = iphoneos;
				SWIFT_ACTIVE_COMPILATION_CONDITIONS = DEBUG;
				SWIFT_OPTIMIZATION_LEVEL = "-Onone";
			};
			name = Debug;
		};
		FB567F6228EC0EA400842EF0 /* Release */ = {
			isa = XCBuildConfiguration;
			buildSettings = {
				ALWAYS_SEARCH_USER_PATHS = NO;
				CLANG_ANALYZER_NONNULL = YES;
				CLANG_ANALYZER_NUMBER_OBJECT_CONVERSION = YES_AGGRESSIVE;
				CLANG_CXX_LANGUAGE_STANDARD = "gnu++20";
				CLANG_ENABLE_MODULES = YES;
				CLANG_ENABLE_OBJC_ARC = YES;
				CLANG_ENABLE_OBJC_WEAK = YES;
				CLANG_WARN_BLOCK_CAPTURE_AUTORELEASING = YES;
				CLANG_WARN_BOOL_CONVERSION = YES;
				CLANG_WARN_COMMA = YES;
				CLANG_WARN_CONSTANT_CONVERSION = YES;
				CLANG_WARN_DEPRECATED_OBJC_IMPLEMENTATIONS = YES;
				CLANG_WARN_DIRECT_OBJC_ISA_USAGE = YES_ERROR;
				CLANG_WARN_DOCUMENTATION_COMMENTS = YES;
				CLANG_WARN_EMPTY_BODY = YES;
				CLANG_WARN_ENUM_CONVERSION = YES;
				CLANG_WARN_INFINITE_RECURSION = YES;
				CLANG_WARN_INT_CONVERSION = YES;
				CLANG_WARN_NON_LITERAL_NULL_CONVERSION = YES;
				CLANG_WARN_OBJC_IMPLICIT_RETAIN_SELF = YES;
				CLANG_WARN_OBJC_LITERAL_CONVERSION = YES;
				CLANG_WARN_OBJC_ROOT_CLASS = YES_ERROR;
				CLANG_WARN_QUOTED_INCLUDE_IN_FRAMEWORK_HEADER = YES;
				CLANG_WARN_RANGE_LOOP_ANALYSIS = YES;
				CLANG_WARN_STRICT_PROTOTYPES = YES;
				CLANG_WARN_SUSPICIOUS_MOVE = YES;
				CLANG_WARN_UNGUARDED_AVAILABILITY = YES_AGGRESSIVE;
				CLANG_WARN_UNREACHABLE_CODE = YES;
				CLANG_WARN__DUPLICATE_METHOD_MATCH = YES;
				COPY_PHASE_STRIP = NO;
				DEBUG_INFORMATION_FORMAT = "dwarf-with-dsym";
				ENABLE_NS_ASSERTIONS = NO;
				ENABLE_STRICT_OBJC_MSGSEND = YES;
				GCC_C_LANGUAGE_STANDARD = gnu11;
				GCC_NO_COMMON_BLOCKS = YES;
				GCC_WARN_64_TO_32_BIT_CONVERSION = YES;
				GCC_WARN_ABOUT_RETURN_TYPE = YES_ERROR;
				GCC_WARN_UNDECLARED_SELECTOR = YES;
				GCC_WARN_UNINITIALIZED_AUTOS = YES_AGGRESSIVE;
				GCC_WARN_UNUSED_FUNCTION = YES;
				GCC_WARN_UNUSED_VARIABLE = YES;
				IPHONEOS_DEPLOYMENT_TARGET = 16.0;
				MTL_ENABLE_DEBUG_INFO = NO;
				MTL_FAST_MATH = YES;
				SDKROOT = iphoneos;
				SWIFT_COMPILATION_MODE = wholemodule;
				SWIFT_OPTIMIZATION_LEVEL = "-O";
				VALIDATE_PRODUCT = YES;
			};
			name = Release;
		};
		FB567F6428EC0EA400842EF0 /* Debug */ = {
			isa = XCBuildConfiguration;
			buildSettings = {
				ASSETCATALOG_COMPILER_APPICON_NAME = AppIcon;
				ASSETCATALOG_COMPILER_GLOBAL_ACCENT_COLOR_NAME = AccentColor;
				CODE_SIGN_STYLE = Automatic;
				CURRENT_PROJECT_VERSION = 1;
				GENERATE_INFOPLIST_FILE = YES;
				INFOPLIST_FILE = QuizApp/Info.plist;
				INFOPLIST_KEY_UIApplicationSupportsIndirectInputEvents = YES;
				INFOPLIST_KEY_UILaunchStoryboardName = LaunchScreen;
				INFOPLIST_KEY_UISupportedInterfaceOrientations_iPad = "UIInterfaceOrientationPortrait UIInterfaceOrientationPortraitUpsideDown UIInterfaceOrientationLandscapeLeft UIInterfaceOrientationLandscapeRight";
				INFOPLIST_KEY_UISupportedInterfaceOrientations_iPhone = "UIInterfaceOrientationPortrait UIInterfaceOrientationLandscapeLeft UIInterfaceOrientationLandscapeRight";
				LD_RUNPATH_SEARCH_PATHS = (
					"$(inherited)",
					"@executable_path/Frameworks",
				);
				MARKETING_VERSION = 1.0;
				PRODUCT_BUNDLE_IDENTIFIER = com.kosbarbara.QuizApp;
				PRODUCT_NAME = "$(TARGET_NAME)";
				SWIFT_EMIT_LOC_STRINGS = YES;
				SWIFT_VERSION = 5.0;
				TARGETED_DEVICE_FAMILY = "1,2";
			};
			name = Debug;
		};
		FB567F6528EC0EA400842EF0 /* Release */ = {
			isa = XCBuildConfiguration;
			buildSettings = {
				ASSETCATALOG_COMPILER_APPICON_NAME = AppIcon;
				ASSETCATALOG_COMPILER_GLOBAL_ACCENT_COLOR_NAME = AccentColor;
				CODE_SIGN_STYLE = Automatic;
				CURRENT_PROJECT_VERSION = 1;
				GENERATE_INFOPLIST_FILE = YES;
				INFOPLIST_FILE = QuizApp/Info.plist;
				INFOPLIST_KEY_UIApplicationSupportsIndirectInputEvents = YES;
				INFOPLIST_KEY_UILaunchStoryboardName = LaunchScreen;
				INFOPLIST_KEY_UISupportedInterfaceOrientations_iPad = "UIInterfaceOrientationPortrait UIInterfaceOrientationPortraitUpsideDown UIInterfaceOrientationLandscapeLeft UIInterfaceOrientationLandscapeRight";
				INFOPLIST_KEY_UISupportedInterfaceOrientations_iPhone = "UIInterfaceOrientationPortrait UIInterfaceOrientationLandscapeLeft UIInterfaceOrientationLandscapeRight";
				LD_RUNPATH_SEARCH_PATHS = (
					"$(inherited)",
					"@executable_path/Frameworks",
				);
				MARKETING_VERSION = 1.0;
				PRODUCT_BUNDLE_IDENTIFIER = com.kosbarbara.QuizApp;
				PRODUCT_NAME = "$(TARGET_NAME)";
				SWIFT_EMIT_LOC_STRINGS = YES;
				SWIFT_VERSION = 5.0;
				TARGETED_DEVICE_FAMILY = "1,2";
			};
			name = Release;
		};
/* End XCBuildConfiguration section */

/* Begin XCConfigurationList section */
		FB567F4A28EC0EA200842EF0 /* Build configuration list for PBXProject "QuizApp" */ = {
			isa = XCConfigurationList;
			buildConfigurations = (
				FB567F6128EC0EA400842EF0 /* Debug */,
				FB567F6228EC0EA400842EF0 /* Release */,
			);
			defaultConfigurationIsVisible = 0;
			defaultConfigurationName = Release;
		};
		FB567F6328EC0EA400842EF0 /* Build configuration list for PBXNativeTarget "QuizApp" */ = {
			isa = XCConfigurationList;
			buildConfigurations = (
				FB567F6428EC0EA400842EF0 /* Debug */,
				FB567F6528EC0EA400842EF0 /* Release */,
			);
			defaultConfigurationIsVisible = 0;
			defaultConfigurationName = Release;
		};
/* End XCConfigurationList section */

/* Begin XCRemoteSwiftPackageReference section */
		FB47246F28F0350A0027EFC7 /* XCRemoteSwiftPackageReference "Keychain.swift" */ = {
			isa = XCRemoteSwiftPackageReference;
			repositoryURL = "https://github.com/GroupeMINASTE/Keychain.swift.git";
			requirement = {
				kind = upToNextMajorVersion;
				minimumVersion = 1.0.0;
			};
		};
		FB8647CD28F829EE001AE89B /* XCRemoteSwiftPackageReference "Kingfisher" */ = {
			isa = XCRemoteSwiftPackageReference;
			repositoryURL = "https://github.com/onevcat/Kingfisher";
			requirement = {
				kind = upToNextMajorVersion;
				minimumVersion = 7.0.0;
			};
		};
		FBC5AB1128EC3D5800CBC98A /* XCRemoteSwiftPackageReference "SnapKit" */ = {
			isa = XCRemoteSwiftPackageReference;
			repositoryURL = "https://github.com/SnapKit/SnapKit.git";
			requirement = {
				kind = upToNextMajorVersion;
				minimumVersion = 5.0.0;
			};
		};
/* End XCRemoteSwiftPackageReference section */

/* Begin XCSwiftPackageProductDependency section */
		FB47247028F0350A0027EFC7 /* Keychain */ = {
			isa = XCSwiftPackageProductDependency;
			package = FB47246F28F0350A0027EFC7 /* XCRemoteSwiftPackageReference "Keychain.swift" */;
			productName = Keychain;
		};
		FB8647CE28F829EE001AE89B /* Kingfisher */ = {
			isa = XCSwiftPackageProductDependency;
			package = FB8647CD28F829EE001AE89B /* XCRemoteSwiftPackageReference "Kingfisher" */;
			productName = Kingfisher;
		};
		FBC5AB1228EC3D5800CBC98A /* SnapKit */ = {
			isa = XCSwiftPackageProductDependency;
			package = FBC5AB1128EC3D5800CBC98A /* XCRemoteSwiftPackageReference "SnapKit" */;
			productName = SnapKit;
		};
/* End XCSwiftPackageProductDependency section */
	};
	rootObject = FB567F4728EC0EA200842EF0 /* Project object */;
}
